// !$*UTF8*$!
{
	archiveVersion = 1;
	classes = {
	};
	objectVersion = 46;
	objects = {

/* Begin PBXBuildFile section */
		0DE8292E588922BDBBF83C1F /* Pods_Snapchat.framework in Frameworks */ = {isa = PBXBuildFile; fileRef = B5079D241D2A55A824DB64A3 /* Pods_Snapchat.framework */; };
		6619BF691DB74479005376CA /* GoogleService-Info.plist in Resources */ = {isa = PBXBuildFile; fileRef = 6619BF681DB74479005376CA /* GoogleService-Info.plist */; };
		661EF7EF1DB1FFE90075FE3D /* DiscoverCell.swift in Sources */ = {isa = PBXBuildFile; fileRef = 661EF7EC1DB1FFE90075FE3D /* DiscoverCell.swift */; };
		661EF7F01DB1FFE90075FE3D /* DiscoverData.swift in Sources */ = {isa = PBXBuildFile; fileRef = 661EF7ED1DB1FFE90075FE3D /* DiscoverData.swift */; };
		661EF7F11DB1FFE90075FE3D /* DiscoveryViewController.swift in Sources */ = {isa = PBXBuildFile; fileRef = 661EF7EE1DB1FFE90075FE3D /* DiscoveryViewController.swift */; };
		661EF7F71DB1FFF70075FE3D /* StoriesViewController.swift in Sources */ = {isa = PBXBuildFile; fileRef = 661EF7F31DB1FFF70075FE3D /* StoriesViewController.swift */; };
		661EF7F81DB1FFF70075FE3D /* SubscruptionsTableViewCell.swift in Sources */ = {isa = PBXBuildFile; fileRef = 661EF7F41DB1FFF70075FE3D /* SubscruptionsTableViewCell.swift */; };
		661EF7F91DB1FFF70075FE3D /* VideoCell.swift in Sources */ = {isa = PBXBuildFile; fileRef = 661EF7F51DB1FFF70075FE3D /* VideoCell.swift */; };
		661EF7FB1DB200280075FE3D /* Assets.xcassets in Resources */ = {isa = PBXBuildFile; fileRef = 661EF7FA1DB200280075FE3D /* Assets.xcassets */; };
		66B82B8D1D89A015008FBE82 /* AppDelegate.swift in Sources */ = {isa = PBXBuildFile; fileRef = 66B82B8C1D89A015008FBE82 /* AppDelegate.swift */; };
		66B82B921D89A015008FBE82 /* Main.storyboard in Resources */ = {isa = PBXBuildFile; fileRef = 66B82B901D89A015008FBE82 /* Main.storyboard */; };
		66B82B971D89A015008FBE82 /* LaunchScreen.storyboard in Resources */ = {isa = PBXBuildFile; fileRef = 66B82B951D89A015008FBE82 /* LaunchScreen.storyboard */; };
		66BB554B1DB4A14D0067C8AE /* TheFirstViewController.swift in Sources */ = {isa = PBXBuildFile; fileRef = 66BB554A1DB4A14D0067C8AE /* TheFirstViewController.swift */; };
		66BB554F1DB4AB390067C8AE /* LoginViewController.swift in Sources */ = {isa = PBXBuildFile; fileRef = 66BB554E1DB4AB390067C8AE /* LoginViewController.swift */; };
		66BB55511DB4AB8F0067C8AE /* SignupViewController.swift in Sources */ = {isa = PBXBuildFile; fileRef = 66BB55501DB4AB8F0067C8AE /* SignupViewController.swift */; };
		66BB55541DB4F12A0067C8AE /* NewUserInfoViewController.swift in Sources */ = {isa = PBXBuildFile; fileRef = 66BB55531DB4F12A0067C8AE /* NewUserInfoViewController.swift */; };
		66BB55601DB557A10067C8AE /* DisplayViewController.swift in Sources */ = {isa = PBXBuildFile; fileRef = 66BB555F1DB557A10067C8AE /* DisplayViewController.swift */; };
		88497A891D9E5D0F00546EF5 /* MemoriesViewController.swift in Sources */ = {isa = PBXBuildFile; fileRef = 88497A881D9E5D0F00546EF5 /* MemoriesViewController.swift */; };
		88497A8B1D9E5D2400546EF5 /* PersonalViewController.swift in Sources */ = {isa = PBXBuildFile; fileRef = 88497A8A1D9E5D2400546EF5 /* PersonalViewController.swift */; };
		88497A9B1D9EB63400546EF5 /* CameraViewController.swift in Sources */ = {isa = PBXBuildFile; fileRef = 88497A9A1D9EB63400546EF5 /* CameraViewController.swift */; };
		885691D41DB392D30082D8FA /* ShowEnforcedViewController.swift in Sources */ = {isa = PBXBuildFile; fileRef = 885691D31DB392D30082D8FA /* ShowEnforcedViewController.swift */; };
		886CE85A1DA2294600CA59EB /* AddedMeTableViewCell.swift in Sources */ = {isa = PBXBuildFile; fileRef = 886CE8591DA2294600CA59EB /* AddedMeTableViewCell.swift */; };
		888929AA1DB20CEB00CB8BBA /* AddFromAddressBookViewController.swift in Sources */ = {isa = PBXBuildFile; fileRef = 888929A91DB20CEB00CB8BBA /* AddFromAddressBookViewController.swift */; };
		88BF23C71DA23F9A00221EF4 /* AddByUsernameTableViewController.swift in Sources */ = {isa = PBXBuildFile; fileRef = 88BF23C61DA23F9A00221EF4 /* AddByUsernameTableViewController.swift */; };
		88BF23C91DA23FC600221EF4 /* AddByUsernameTableViewCell.swift in Sources */ = {isa = PBXBuildFile; fileRef = 88BF23C81DA23FC600221EF4 /* AddByUsernameTableViewCell.swift */; };
		88CC0EE31D9FD0980064ABBA /* AddFriendsViewController.swift in Sources */ = {isa = PBXBuildFile; fileRef = 88CC0EE21D9FD0980064ABBA /* AddFriendsViewController.swift */; };
		88E324131DB2FB7600517709 /* MemoriesCollectionViewCell.swift in Sources */ = {isa = PBXBuildFile; fileRef = 88E324121DB2FB7600517709 /* MemoriesCollectionViewCell.swift */; };
		88E408271DA36A6D00ECD643 /* ImageViewController.swift in Sources */ = {isa = PBXBuildFile; fileRef = 88E408261DA36A6D00ECD643 /* ImageViewController.swift */; };
		88E492261DA31CB500A4A15F /* ImageCollectionCell.swift in Sources */ = {isa = PBXBuildFile; fileRef = 88E492251DA31CB500A4A15F /* ImageCollectionCell.swift */; };
		88E492281DA31F4500A4A15F /* SettingImage.swift in Sources */ = {isa = PBXBuildFile; fileRef = 88E492271DA31F4500A4A15F /* SettingImage.swift */; };
		88E4922A1DA3242000A4A15F /* ImageObject.swift in Sources */ = {isa = PBXBuildFile; fileRef = 88E492291DA3242000A4A15F /* ImageObject.swift */; };
		88EA0A361DB7C10E00859FA7 /* CategoryRow.swift in Sources */ = {isa = PBXBuildFile; fileRef = 88EA0A351DB7C10E00859FA7 /* CategoryRow.swift */; };
		88EBD4561DA3A68B00DCB05D /* ShareProtocol.swift in Sources */ = {isa = PBXBuildFile; fileRef = 88EBD4551DA3A68B00DCB05D /* ShareProtocol.swift */; };
		88EBD4581DA3AE9400DCB05D /* AddFriendsTableViewController.swift in Sources */ = {isa = PBXBuildFile; fileRef = 88EBD4571DA3AE9400DCB05D /* AddFriendsTableViewController.swift */; };
		88F2C41E1DA214F000E8CACB /* MyFriendsTableViewController.swift in Sources */ = {isa = PBXBuildFile; fileRef = 88F2C41D1DA214F000E8CACB /* MyFriendsTableViewController.swift */; };
		88F2C4201DA2150200E8CACB /* AddedMeTableViewController.swift in Sources */ = {isa = PBXBuildFile; fileRef = 88F2C41F1DA2150200E8CACB /* AddedMeTableViewController.swift */; };
		88F2C4251DA2166200E8CACB /* UsableData.swift in Sources */ = {isa = PBXBuildFile; fileRef = 88F2C4231DA2166200E8CACB /* UsableData.swift */; };
		88F2C4261DA2166200E8CACB /* User.swift in Sources */ = {isa = PBXBuildFile; fileRef = 88F2C4241DA2166200E8CACB /* User.swift */; };
		88F2C4281DA218F700E8CACB /* MyFriendsTableViewCell.swift in Sources */ = {isa = PBXBuildFile; fileRef = 88F2C4271DA218F700E8CACB /* MyFriendsTableViewCell.swift */; };
		E79A5F891DB22C7400B65C9E /* ChatListViewController.swift in Sources */ = {isa = PBXBuildFile; fileRef = E79A5F881DB22C7400B65C9E /* ChatListViewController.swift */; };
		E79A5F8B1DB22CB300B65C9E /* ChatViewController.swift in Sources */ = {isa = PBXBuildFile; fileRef = E79A5F8A1DB22CB300B65C9E /* ChatViewController.swift */; };
/* End PBXBuildFile section */

/* Begin PBXFileReference section */
		6619BF681DB74479005376CA /* GoogleService-Info.plist */ = {isa = PBXFileReference; fileEncoding = 4; lastKnownFileType = text.plist.xml; path = "GoogleService-Info.plist"; sourceTree = "<group>"; };
		661EF7EC1DB1FFE90075FE3D /* DiscoverCell.swift */ = {isa = PBXFileReference; fileEncoding = 4; lastKnownFileType = sourcecode.swift; path = DiscoverCell.swift; sourceTree = "<group>"; };
		661EF7ED1DB1FFE90075FE3D /* DiscoverData.swift */ = {isa = PBXFileReference; fileEncoding = 4; lastKnownFileType = sourcecode.swift; path = DiscoverData.swift; sourceTree = "<group>"; };
		661EF7EE1DB1FFE90075FE3D /* DiscoveryViewController.swift */ = {isa = PBXFileReference; fileEncoding = 4; lastKnownFileType = sourcecode.swift; path = DiscoveryViewController.swift; sourceTree = "<group>"; };
		661EF7F31DB1FFF70075FE3D /* StoriesViewController.swift */ = {isa = PBXFileReference; fileEncoding = 4; lastKnownFileType = sourcecode.swift; path = StoriesViewController.swift; sourceTree = "<group>"; };
		661EF7F41DB1FFF70075FE3D /* SubscruptionsTableViewCell.swift */ = {isa = PBXFileReference; fileEncoding = 4; lastKnownFileType = sourcecode.swift; path = SubscruptionsTableViewCell.swift; sourceTree = "<group>"; };
		661EF7F51DB1FFF70075FE3D /* VideoCell.swift */ = {isa = PBXFileReference; fileEncoding = 4; lastKnownFileType = sourcecode.swift; path = VideoCell.swift; sourceTree = "<group>"; };
		661EF7FA1DB200280075FE3D /* Assets.xcassets */ = {isa = PBXFileReference; lastKnownFileType = folder.assetcatalog; path = Assets.xcassets; sourceTree = "<group>"; };
		66B82B891D89A015008FBE82 /* Snapchat.app */ = {isa = PBXFileReference; explicitFileType = wrapper.application; includeInIndex = 0; path = Snapchat.app; sourceTree = BUILT_PRODUCTS_DIR; };
		66B82B8C1D89A015008FBE82 /* AppDelegate.swift */ = {isa = PBXFileReference; lastKnownFileType = sourcecode.swift; path = AppDelegate.swift; sourceTree = "<group>"; };
		66B82B911D89A015008FBE82 /* Base */ = {isa = PBXFileReference; lastKnownFileType = file.storyboard; name = Base; path = Base.lproj/Main.storyboard; sourceTree = "<group>"; };
		66B82B961D89A015008FBE82 /* Base */ = {isa = PBXFileReference; lastKnownFileType = file.storyboard; name = Base; path = Base.lproj/LaunchScreen.storyboard; sourceTree = "<group>"; };
		66B82B981D89A015008FBE82 /* Info.plist */ = {isa = PBXFileReference; lastKnownFileType = text.plist.xml; path = Info.plist; sourceTree = "<group>"; };
		66BB554A1DB4A14D0067C8AE /* TheFirstViewController.swift */ = {isa = PBXFileReference; fileEncoding = 4; lastKnownFileType = sourcecode.swift; path = TheFirstViewController.swift; sourceTree = "<group>"; };
		66BB554E1DB4AB390067C8AE /* LoginViewController.swift */ = {isa = PBXFileReference; fileEncoding = 4; lastKnownFileType = sourcecode.swift; path = LoginViewController.swift; sourceTree = "<group>"; };
		66BB55501DB4AB8F0067C8AE /* SignupViewController.swift */ = {isa = PBXFileReference; fileEncoding = 4; lastKnownFileType = sourcecode.swift; path = SignupViewController.swift; sourceTree = "<group>"; };
		66BB55531DB4F12A0067C8AE /* NewUserInfoViewController.swift */ = {isa = PBXFileReference; fileEncoding = 4; lastKnownFileType = sourcecode.swift; path = NewUserInfoViewController.swift; sourceTree = "<group>"; };
		66BB555F1DB557A10067C8AE /* DisplayViewController.swift */ = {isa = PBXFileReference; fileEncoding = 4; lastKnownFileType = sourcecode.swift; path = DisplayViewController.swift; sourceTree = "<group>"; };
		88497A881D9E5D0F00546EF5 /* MemoriesViewController.swift */ = {isa = PBXFileReference; fileEncoding = 4; lastKnownFileType = sourcecode.swift; path = MemoriesViewController.swift; sourceTree = "<group>"; };
		88497A8A1D9E5D2400546EF5 /* PersonalViewController.swift */ = {isa = PBXFileReference; fileEncoding = 4; lastKnownFileType = sourcecode.swift; path = PersonalViewController.swift; sourceTree = "<group>"; };
		88497A9A1D9EB63400546EF5 /* CameraViewController.swift */ = {isa = PBXFileReference; fileEncoding = 4; lastKnownFileType = sourcecode.swift; path = CameraViewController.swift; sourceTree = "<group>"; };
		885691D31DB392D30082D8FA /* ShowEnforcedViewController.swift */ = {isa = PBXFileReference; fileEncoding = 4; lastKnownFileType = sourcecode.swift; path = ShowEnforcedViewController.swift; sourceTree = "<group>"; };
		886CE8591DA2294600CA59EB /* AddedMeTableViewCell.swift */ = {isa = PBXFileReference; fileEncoding = 4; lastKnownFileType = sourcecode.swift; path = AddedMeTableViewCell.swift; sourceTree = "<group>"; };
		888929A91DB20CEB00CB8BBA /* AddFromAddressBookViewController.swift */ = {isa = PBXFileReference; fileEncoding = 4; lastKnownFileType = sourcecode.swift; path = AddFromAddressBookViewController.swift; sourceTree = "<group>"; };
		88BF23C61DA23F9A00221EF4 /* AddByUsernameTableViewController.swift */ = {isa = PBXFileReference; fileEncoding = 4; lastKnownFileType = sourcecode.swift; path = AddByUsernameTableViewController.swift; sourceTree = "<group>"; };
		88BF23C81DA23FC600221EF4 /* AddByUsernameTableViewCell.swift */ = {isa = PBXFileReference; fileEncoding = 4; lastKnownFileType = sourcecode.swift; path = AddByUsernameTableViewCell.swift; sourceTree = "<group>"; };
		88CC0EE21D9FD0980064ABBA /* AddFriendsViewController.swift */ = {isa = PBXFileReference; fileEncoding = 4; lastKnownFileType = sourcecode.swift; path = AddFriendsViewController.swift; sourceTree = "<group>"; };
		88E324121DB2FB7600517709 /* MemoriesCollectionViewCell.swift */ = {isa = PBXFileReference; fileEncoding = 4; lastKnownFileType = sourcecode.swift; path = MemoriesCollectionViewCell.swift; sourceTree = "<group>"; };
		88E408261DA36A6D00ECD643 /* ImageViewController.swift */ = {isa = PBXFileReference; fileEncoding = 4; lastKnownFileType = sourcecode.swift; path = ImageViewController.swift; sourceTree = "<group>"; };
		88E492251DA31CB500A4A15F /* ImageCollectionCell.swift */ = {isa = PBXFileReference; fileEncoding = 4; lastKnownFileType = sourcecode.swift; path = ImageCollectionCell.swift; sourceTree = "<group>"; };
		88E492271DA31F4500A4A15F /* SettingImage.swift */ = {isa = PBXFileReference; fileEncoding = 4; lastKnownFileType = sourcecode.swift; path = SettingImage.swift; sourceTree = "<group>"; };
		88E492291DA3242000A4A15F /* ImageObject.swift */ = {isa = PBXFileReference; fileEncoding = 4; lastKnownFileType = sourcecode.swift; path = ImageObject.swift; sourceTree = "<group>"; };
		88EA0A351DB7C10E00859FA7 /* CategoryRow.swift */ = {isa = PBXFileReference; fileEncoding = 4; lastKnownFileType = sourcecode.swift; path = CategoryRow.swift; sourceTree = "<group>"; };
		88EBD4551DA3A68B00DCB05D /* ShareProtocol.swift */ = {isa = PBXFileReference; fileEncoding = 4; lastKnownFileType = sourcecode.swift; path = ShareProtocol.swift; sourceTree = "<group>"; };
		88EBD4571DA3AE9400DCB05D /* AddFriendsTableViewController.swift */ = {isa = PBXFileReference; fileEncoding = 4; lastKnownFileType = sourcecode.swift; path = AddFriendsTableViewController.swift; sourceTree = "<group>"; };
		88F2C41D1DA214F000E8CACB /* MyFriendsTableViewController.swift */ = {isa = PBXFileReference; fileEncoding = 4; lastKnownFileType = sourcecode.swift; path = MyFriendsTableViewController.swift; sourceTree = "<group>"; };
		88F2C41F1DA2150200E8CACB /* AddedMeTableViewController.swift */ = {isa = PBXFileReference; fileEncoding = 4; lastKnownFileType = sourcecode.swift; path = AddedMeTableViewController.swift; sourceTree = "<group>"; };
		88F2C4231DA2166200E8CACB /* UsableData.swift */ = {isa = PBXFileReference; fileEncoding = 4; lastKnownFileType = sourcecode.swift; path = UsableData.swift; sourceTree = "<group>"; };
		88F2C4241DA2166200E8CACB /* User.swift */ = {isa = PBXFileReference; fileEncoding = 4; lastKnownFileType = sourcecode.swift; path = User.swift; sourceTree = "<group>"; };
		88F2C4271DA218F700E8CACB /* MyFriendsTableViewCell.swift */ = {isa = PBXFileReference; fileEncoding = 4; lastKnownFileType = sourcecode.swift; path = MyFriendsTableViewCell.swift; sourceTree = "<group>"; };
		B5079D241D2A55A824DB64A3 /* Pods_Snapchat.framework */ = {isa = PBXFileReference; explicitFileType = wrapper.framework; includeInIndex = 0; path = Pods_Snapchat.framework; sourceTree = BUILT_PRODUCTS_DIR; };
		E453FB759031953EEFC43D3B /* Pods-Snapchat.release.xcconfig */ = {isa = PBXFileReference; includeInIndex = 1; lastKnownFileType = text.xcconfig; name = "Pods-Snapchat.release.xcconfig"; path = "Pods/Target Support Files/Pods-Snapchat/Pods-Snapchat.release.xcconfig"; sourceTree = "<group>"; };
		E4ECCD52F19B36FD7FE22A3C /* Pods-Snapchat.debug.xcconfig */ = {isa = PBXFileReference; includeInIndex = 1; lastKnownFileType = text.xcconfig; name = "Pods-Snapchat.debug.xcconfig"; path = "Pods/Target Support Files/Pods-Snapchat/Pods-Snapchat.debug.xcconfig"; sourceTree = "<group>"; };
		E79A5F881DB22C7400B65C9E /* ChatListViewController.swift */ = {isa = PBXFileReference; fileEncoding = 4; lastKnownFileType = sourcecode.swift; path = ChatListViewController.swift; sourceTree = "<group>"; };
		E79A5F8A1DB22CB300B65C9E /* ChatViewController.swift */ = {isa = PBXFileReference; fileEncoding = 4; lastKnownFileType = sourcecode.swift; path = ChatViewController.swift; sourceTree = "<group>"; };
/* End PBXFileReference section */

/* Begin PBXFrameworksBuildPhase section */
		66B82B861D89A015008FBE82 /* Frameworks */ = {
			isa = PBXFrameworksBuildPhase;
			buildActionMask = 2147483647;
			files = (
				0DE8292E588922BDBBF83C1F /* Pods_Snapchat.framework in Frameworks */,
			);
			runOnlyForDeploymentPostprocessing = 0;
		};
/* End PBXFrameworksBuildPhase section */

/* Begin PBXGroup section */
		66B82B801D89A015008FBE82 = {
			isa = PBXGroup;
			children = (
				66B82B8B1D89A015008FBE82 /* Snapchat */,
				66B82B8A1D89A015008FBE82 /* Products */,
				A084570FCD4C06B6B8D6126C /* Pods */,
				C931B4FE3EC15C0334DDDA54 /* Frameworks */,
			);
			sourceTree = "<group>";
		};
		66B82B8A1D89A015008FBE82 /* Products */ = {
			isa = PBXGroup;
			children = (
				66B82B891D89A015008FBE82 /* Snapchat.app */,
			);
			name = Products;
			sourceTree = "<group>";
		};
		66B82B8B1D89A015008FBE82 /* Snapchat */ = {
			isa = PBXGroup;
			children = (
				8886C9C11DA9DDD2008B5A98 /* TemporaryUseless */,
				8886C9C01DA9DCDD008B5A98 /* Camera */,
				8886C9BE1DA9DC8B008B5A98 /* Memories */,
				8886C9BD1DA9DC7D008B5A98 /* Chat */,
				8886C9BC1DA9DC4C008B5A98 /* DatabaseEntry */,
				8886C9BA1DA9C8EB008B5A98 /* Stories */,
				8886C9BF1DA9DC99008B5A98 /* Discovery */,
				8886C9B91DA9C8D1008B5A98 /* Supporting Files */,
				8886C9BB1DA9D905008B5A98 /* Personal */,
				66B82B901D89A015008FBE82 /* Main.storyboard */,
				66BB55521DB4AB9D0067C8AE /* login */,
				885691D31DB392D30082D8FA /* ShowEnforcedViewController.swift */,
				88E408261DA36A6D00ECD643 /* ImageViewController.swift */,
				88F2C4231DA2166200E8CACB /* UsableData.swift */,
				88F2C4241DA2166200E8CACB /* User.swift */,
				88EBD4551DA3A68B00DCB05D /* ShareProtocol.swift */,
			);
			path = Snapchat;
			sourceTree = "<group>";
		};
		66BB55521DB4AB9D0067C8AE /* login */ = {
			isa = PBXGroup;
			children = (
				66BB554E1DB4AB390067C8AE /* LoginViewController.swift */,
				66BB55501DB4AB8F0067C8AE /* SignupViewController.swift */,
				66BB554A1DB4A14D0067C8AE /* TheFirstViewController.swift */,
				66BB55531DB4F12A0067C8AE /* NewUserInfoViewController.swift */,
			);
			name = login;
			sourceTree = "<group>";
		};
		8886C9B91DA9C8D1008B5A98 /* Supporting Files */ = {
			isa = PBXGroup;
			children = (
				6619BF681DB74479005376CA /* GoogleService-Info.plist */,
				661EF7FA1DB200280075FE3D /* Assets.xcassets */,
				66B82B8C1D89A015008FBE82 /* AppDelegate.swift */,
				66B82B951D89A015008FBE82 /* LaunchScreen.storyboard */,
				66B82B981D89A015008FBE82 /* Info.plist */,
			);
			name = "Supporting Files";
			sourceTree = "<group>";
		};
		8886C9BA1DA9C8EB008B5A98 /* Stories */ = {
			isa = PBXGroup;
			children = (
				88EA0A351DB7C10E00859FA7 /* CategoryRow.swift */,
				661EF7F31DB1FFF70075FE3D /* StoriesViewController.swift */,
				661EF7F41DB1FFF70075FE3D /* SubscruptionsTableViewCell.swift */,
				661EF7F51DB1FFF70075FE3D /* VideoCell.swift */,
			);
			name = Stories;
			sourceTree = "<group>";
		};
		8886C9BB1DA9D905008B5A98 /* Personal */ = {
			isa = PBXGroup;
			children = (
				88497A8A1D9E5D2400546EF5 /* PersonalViewController.swift */,
				8886C9C51DA9DEFB008B5A98 /* MyFriends */,
				8886C9C41DA9DEF0008B5A98 /* AddFriends */,
				8886C9C31DA9DEE2008B5A98 /* AddedMe */,
			);
			name = Personal;
			sourceTree = "<group>";
		};
		8886C9BC1DA9DC4C008B5A98 /* DatabaseEntry */ = {
			isa = PBXGroup;
			children = (
			);
			name = DatabaseEntry;
			sourceTree = "<group>";
		};
		8886C9BD1DA9DC7D008B5A98 /* Chat */ = {
			isa = PBXGroup;
			children = (
				E79A5F881DB22C7400B65C9E /* ChatListViewController.swift */,
				E79A5F8A1DB22CB300B65C9E /* ChatViewController.swift */,
			);
			name = Chat;
			sourceTree = "<group>";
		};
		8886C9BE1DA9DC8B008B5A98 /* Memories */ = {
			isa = PBXGroup;
			children = (
				88E492291DA3242000A4A15F /* ImageObject.swift */,
				88E492271DA31F4500A4A15F /* SettingImage.swift */,
				88497A881D9E5D0F00546EF5 /* MemoriesViewController.swift */,
				88E324121DB2FB7600517709 /* MemoriesCollectionViewCell.swift */,
			);
			name = Memories;
			sourceTree = "<group>";
		};
		8886C9BF1DA9DC99008B5A98 /* Discovery */ = {
			isa = PBXGroup;
			children = (
				661EF7EC1DB1FFE90075FE3D /* DiscoverCell.swift */,
				661EF7ED1DB1FFE90075FE3D /* DiscoverData.swift */,
				661EF7EE1DB1FFE90075FE3D /* DiscoveryViewController.swift */,
				66BB555F1DB557A10067C8AE /* DisplayViewController.swift */,
			);
			name = Discovery;
			sourceTree = "<group>";
		};
		8886C9C01DA9DCDD008B5A98 /* Camera */ = {
			isa = PBXGroup;
			children = (
				88497A9A1D9EB63400546EF5 /* CameraViewController.swift */,
			);
			name = Camera;
			sourceTree = "<group>";
		};
		8886C9C11DA9DDD2008B5A98 /* TemporaryUseless */ = {
			isa = PBXGroup;
			children = (
				88E492251DA31CB500A4A15F /* ImageCollectionCell.swift */,
			);
			name = TemporaryUseless;
			sourceTree = "<group>";
		};
		8886C9C31DA9DEE2008B5A98 /* AddedMe */ = {
			isa = PBXGroup;
			children = (
				88F2C41F1DA2150200E8CACB /* AddedMeTableViewController.swift */,
				886CE8591DA2294600CA59EB /* AddedMeTableViewCell.swift */,
			);
			name = AddedMe;
			sourceTree = "<group>";
		};
		8886C9C41DA9DEF0008B5A98 /* AddFriends */ = {
			isa = PBXGroup;
			children = (
				8886C9C71DA9DFD2008B5A98 /* AddFromAddressBook */,
				8886C9C61DA9DF6C008B5A98 /* AddByUsername */,
				88CC0EE21D9FD0980064ABBA /* AddFriendsViewController.swift */,
				88EBD4571DA3AE9400DCB05D /* AddFriendsTableViewController.swift */,
			);
			name = AddFriends;
			sourceTree = "<group>";
		};
		8886C9C51DA9DEFB008B5A98 /* MyFriends */ = {
			isa = PBXGroup;
			children = (
				88F2C41D1DA214F000E8CACB /* MyFriendsTableViewController.swift */,
				88F2C4271DA218F700E8CACB /* MyFriendsTableViewCell.swift */,
			);
			name = MyFriends;
			sourceTree = "<group>";
		};
		8886C9C61DA9DF6C008B5A98 /* AddByUsername */ = {
			isa = PBXGroup;
			children = (
				88BF23C61DA23F9A00221EF4 /* AddByUsernameTableViewController.swift */,
				88BF23C81DA23FC600221EF4 /* AddByUsernameTableViewCell.swift */,
			);
			name = AddByUsername;
			sourceTree = "<group>";
		};
		8886C9C71DA9DFD2008B5A98 /* AddFromAddressBook */ = {
			isa = PBXGroup;
			children = (
				888929A91DB20CEB00CB8BBA /* AddFromAddressBookViewController.swift */,
			);
			name = AddFromAddressBook;
			sourceTree = "<group>";
		};
		A084570FCD4C06B6B8D6126C /* Pods */ = {
			isa = PBXGroup;
			children = (
				E4ECCD52F19B36FD7FE22A3C /* Pods-Snapchat.debug.xcconfig */,
				E453FB759031953EEFC43D3B /* Pods-Snapchat.release.xcconfig */,
			);
			name = Pods;
			sourceTree = "<group>";
		};
		C931B4FE3EC15C0334DDDA54 /* Frameworks */ = {
			isa = PBXGroup;
			children = (
				B5079D241D2A55A824DB64A3 /* Pods_Snapchat.framework */,
			);
			name = Frameworks;
			sourceTree = "<group>";
		};
/* End PBXGroup section */

/* Begin PBXNativeTarget section */
		66B82B881D89A015008FBE82 /* Snapchat */ = {
			isa = PBXNativeTarget;
			buildConfigurationList = 66B82B9B1D89A015008FBE82 /* Build configuration list for PBXNativeTarget "Snapchat" */;
			buildPhases = (
				D4F378458066879478733667 /* [CP] Check Pods Manifest.lock */,
				66B82B851D89A015008FBE82 /* Sources */,
				66B82B861D89A015008FBE82 /* Frameworks */,
				66B82B871D89A015008FBE82 /* Resources */,
				621758F2C733544427B5DD54 /* [CP] Embed Pods Frameworks */,
				2AA73168EBCF816FBB28A9BF /* [CP] Copy Pods Resources */,
			);
			buildRules = (
			);
			dependencies = (
			);
			name = Snapchat;
			productName = Snapchat;
			productReference = 66B82B891D89A015008FBE82 /* Snapchat.app */;
			productType = "com.apple.product-type.application";
		};
/* End PBXNativeTarget section */

/* Begin PBXProject section */
		66B82B811D89A015008FBE82 /* Project object */ = {
			isa = PBXProject;
			attributes = {
				LastSwiftUpdateCheck = 0730;
				LastUpgradeCheck = 0730;
				ORGANIZATIONNAME = Can;
				TargetAttributes = {
					66B82B881D89A015008FBE82 = {
						CreatedOnToolsVersion = 7.3.1;
						DevelopmentTeam = 3A974QQH78;
						LastSwiftMigration = 0800;
					};
				};
			};
			buildConfigurationList = 66B82B841D89A015008FBE82 /* Build configuration list for PBXProject "Snapchat" */;
			compatibilityVersion = "Xcode 3.2";
			developmentRegion = English;
			hasScannedForEncodings = 0;
			knownRegions = (
				en,
				Base,
			);
			mainGroup = 66B82B801D89A015008FBE82;
			productRefGroup = 66B82B8A1D89A015008FBE82 /* Products */;
			projectDirPath = "";
			projectRoot = "";
			targets = (
				66B82B881D89A015008FBE82 /* Snapchat */,
			);
		};
/* End PBXProject section */

/* Begin PBXResourcesBuildPhase section */
		66B82B871D89A015008FBE82 /* Resources */ = {
			isa = PBXResourcesBuildPhase;
			buildActionMask = 2147483647;
			files = (
				66B82B971D89A015008FBE82 /* LaunchScreen.storyboard in Resources */,
				6619BF691DB74479005376CA /* GoogleService-Info.plist in Resources */,
				661EF7FB1DB200280075FE3D /* Assets.xcassets in Resources */,
				66B82B921D89A015008FBE82 /* Main.storyboard in Resources */,
			);
			runOnlyForDeploymentPostprocessing = 0;
		};
/* End PBXResourcesBuildPhase section */

/* Begin PBXShellScriptBuildPhase section */
		2AA73168EBCF816FBB28A9BF /* [CP] Copy Pods Resources */ = {
			isa = PBXShellScriptBuildPhase;
			buildActionMask = 2147483647;
			files = (
			);
			inputPaths = (
			);
			name = "[CP] Copy Pods Resources";
			outputPaths = (
			);
			runOnlyForDeploymentPostprocessing = 0;
			shellPath = /bin/sh;
			shellScript = "\"${SRCROOT}/Pods/Target Support Files/Pods-Snapchat/Pods-Snapchat-resources.sh\"\n";
			showEnvVarsInLog = 0;
		};
		621758F2C733544427B5DD54 /* [CP] Embed Pods Frameworks */ = {
			isa = PBXShellScriptBuildPhase;
			buildActionMask = 2147483647;
			files = (
			);
			inputPaths = (
			);
			name = "[CP] Embed Pods Frameworks";
			outputPaths = (
			);
			runOnlyForDeploymentPostprocessing = 0;
			shellPath = /bin/sh;
			shellScript = "\"${SRCROOT}/Pods/Target Support Files/Pods-Snapchat/Pods-Snapchat-frameworks.sh\"\n";
			showEnvVarsInLog = 0;
		};
		D4F378458066879478733667 /* [CP] Check Pods Manifest.lock */ = {
			isa = PBXShellScriptBuildPhase;
			buildActionMask = 2147483647;
			files = (
			);
			inputPaths = (
			);
			name = "[CP] Check Pods Manifest.lock";
			outputPaths = (
			);
			runOnlyForDeploymentPostprocessing = 0;
			shellPath = /bin/sh;
			shellScript = "diff \"${PODS_ROOT}/../Podfile.lock\" \"${PODS_ROOT}/Manifest.lock\" > /dev/null\nif [[ $? != 0 ]] ; then\n    cat << EOM\nerror: The sandbox is not in sync with the Podfile.lock. Run 'pod install' or update your CocoaPods installation.\nEOM\n    exit 1\nfi\n";
			showEnvVarsInLog = 0;
		};
/* End PBXShellScriptBuildPhase section */

/* Begin PBXSourcesBuildPhase section */
		66B82B851D89A015008FBE82 /* Sources */ = {
			isa = PBXSourcesBuildPhase;
			buildActionMask = 2147483647;
			files = (
				661EF7F01DB1FFE90075FE3D /* DiscoverData.swift in Sources */,
				88E492261DA31CB500A4A15F /* ImageCollectionCell.swift in Sources */,
				885691D41DB392D30082D8FA /* ShowEnforcedViewController.swift in Sources */,
				66BB55541DB4F12A0067C8AE /* NewUserInfoViewController.swift in Sources */,
				661EF7F91DB1FFF70075FE3D /* VideoCell.swift in Sources */,
				88E4922A1DA3242000A4A15F /* ImageObject.swift in Sources */,
				88F2C41E1DA214F000E8CACB /* MyFriendsTableViewController.swift in Sources */,
				66BB55601DB557A10067C8AE /* DisplayViewController.swift in Sources */,
				88EBD4561DA3A68B00DCB05D /* ShareProtocol.swift in Sources */,
				661EF7EF1DB1FFE90075FE3D /* DiscoverCell.swift in Sources */,
				661EF7F81DB1FFF70075FE3D /* SubscruptionsTableViewCell.swift in Sources */,
				88BF23C91DA23FC600221EF4 /* AddByUsernameTableViewCell.swift in Sources */,
				88F2C4251DA2166200E8CACB /* UsableData.swift in Sources */,
				E79A5F891DB22C7400B65C9E /* ChatListViewController.swift in Sources */,
				888929AA1DB20CEB00CB8BBA /* AddFromAddressBookViewController.swift in Sources */,
				66B82B8D1D89A015008FBE82 /* AppDelegate.swift in Sources */,
				88497A8B1D9E5D2400546EF5 /* PersonalViewController.swift in Sources */,
				88F2C4261DA2166200E8CACB /* User.swift in Sources */,
				88E324131DB2FB7600517709 /* MemoriesCollectionViewCell.swift in Sources */,
				88E492281DA31F4500A4A15F /* SettingImage.swift in Sources */,
				88497A9B1D9EB63400546EF5 /* CameraViewController.swift in Sources */,
				88BF23C71DA23F9A00221EF4 /* AddByUsernameTableViewController.swift in Sources */,
				66BB554F1DB4AB390067C8AE /* LoginViewController.swift in Sources */,
				88F2C4281DA218F700E8CACB /* MyFriendsTableViewCell.swift in Sources */,
				88EBD4581DA3AE9400DCB05D /* AddFriendsTableViewController.swift in Sources */,
				661EF7F11DB1FFE90075FE3D /* DiscoveryViewController.swift in Sources */,
				88F2C4201DA2150200E8CACB /* AddedMeTableViewController.swift in Sources */,
				886CE85A1DA2294600CA59EB /* AddedMeTableViewCell.swift in Sources */,
				661EF7F71DB1FFF70075FE3D /* StoriesViewController.swift in Sources */,
				66BB55511DB4AB8F0067C8AE /* SignupViewController.swift in Sources */,
				88CC0EE31D9FD0980064ABBA /* AddFriendsViewController.swift in Sources */,
				88E408271DA36A6D00ECD643 /* ImageViewController.swift in Sources */,
				E79A5F8B1DB22CB300B65C9E /* ChatViewController.swift in Sources */,
				88497A891D9E5D0F00546EF5 /* MemoriesViewController.swift in Sources */,
				88EA0A361DB7C10E00859FA7 /* CategoryRow.swift in Sources */,
				66BB554B1DB4A14D0067C8AE /* TheFirstViewController.swift in Sources */,
			);
			runOnlyForDeploymentPostprocessing = 0;
		};
/* End PBXSourcesBuildPhase section */

/* Begin PBXVariantGroup section */
		66B82B901D89A015008FBE82 /* Main.storyboard */ = {
			isa = PBXVariantGroup;
			children = (
				66B82B911D89A015008FBE82 /* Base */,
			);
			name = Main.storyboard;
			sourceTree = "<group>";
		};
		66B82B951D89A015008FBE82 /* LaunchScreen.storyboard */ = {
			isa = PBXVariantGroup;
			children = (
				66B82B961D89A015008FBE82 /* Base */,
			);
			name = LaunchScreen.storyboard;
			sourceTree = "<group>";
		};
/* End PBXVariantGroup section */

/* Begin XCBuildConfiguration section */
		66B82B991D89A015008FBE82 /* Debug */ = {
			isa = XCBuildConfiguration;
			buildSettings = {
				ALWAYS_SEARCH_USER_PATHS = NO;
				CLANG_ANALYZER_NONNULL = YES;
				CLANG_CXX_LANGUAGE_STANDARD = "gnu++0x";
				CLANG_CXX_LIBRARY = "libc++";
				CLANG_ENABLE_MODULES = YES;
				CLANG_ENABLE_OBJC_ARC = YES;
				CLANG_WARN_BOOL_CONVERSION = YES;
				CLANG_WARN_CONSTANT_CONVERSION = YES;
				CLANG_WARN_DIRECT_OBJC_ISA_USAGE = YES_ERROR;
				CLANG_WARN_EMPTY_BODY = YES;
				CLANG_WARN_ENUM_CONVERSION = YES;
				CLANG_WARN_INT_CONVERSION = YES;
				CLANG_WARN_OBJC_ROOT_CLASS = YES_ERROR;
				CLANG_WARN_UNREACHABLE_CODE = YES;
				CLANG_WARN__DUPLICATE_METHOD_MATCH = YES;
				"CODE_SIGN_IDENTITY[sdk=iphoneos*]" = "iPhone Developer";
				COPY_PHASE_STRIP = NO;
				DEBUG_INFORMATION_FORMAT = dwarf;
				DEVELOPMENT_TEAM = PUB3KR929G;
				ENABLE_STRICT_OBJC_MSGSEND = YES;
				ENABLE_TESTABILITY = YES;
				GCC_C_LANGUAGE_STANDARD = gnu99;
				GCC_DYNAMIC_NO_PIC = NO;
				GCC_NO_COMMON_BLOCKS = YES;
				GCC_OPTIMIZATION_LEVEL = 0;
				GCC_PREPROCESSOR_DEFINITIONS = (
					"DEBUG=1",
					"$(inherited)",
				);
				GCC_WARN_64_TO_32_BIT_CONVERSION = YES;
				GCC_WARN_ABOUT_RETURN_TYPE = YES_ERROR;
				GCC_WARN_UNDECLARED_SELECTOR = YES;
				GCC_WARN_UNINITIALIZED_AUTOS = YES_AGGRESSIVE;
				GCC_WARN_UNUSED_FUNCTION = YES;
				GCC_WARN_UNUSED_VARIABLE = YES;
				IPHONEOS_DEPLOYMENT_TARGET = 9.3;
				MTL_ENABLE_DEBUG_INFO = YES;
				ONLY_ACTIVE_ARCH = YES;
				SDKROOT = iphoneos;
				SWIFT_OPTIMIZATION_LEVEL = "-Onone";
				TARGETED_DEVICE_FAMILY = "1,2";
			};
			name = Debug;
		};
		66B82B9A1D89A015008FBE82 /* Release */ = {
			isa = XCBuildConfiguration;
			buildSettings = {
				ALWAYS_SEARCH_USER_PATHS = NO;
				CLANG_ANALYZER_NONNULL = YES;
				CLANG_CXX_LANGUAGE_STANDARD = "gnu++0x";
				CLANG_CXX_LIBRARY = "libc++";
				CLANG_ENABLE_MODULES = YES;
				CLANG_ENABLE_OBJC_ARC = YES;
				CLANG_WARN_BOOL_CONVERSION = YES;
				CLANG_WARN_CONSTANT_CONVERSION = YES;
				CLANG_WARN_DIRECT_OBJC_ISA_USAGE = YES_ERROR;
				CLANG_WARN_EMPTY_BODY = YES;
				CLANG_WARN_ENUM_CONVERSION = YES;
				CLANG_WARN_INT_CONVERSION = YES;
				CLANG_WARN_OBJC_ROOT_CLASS = YES_ERROR;
				CLANG_WARN_UNREACHABLE_CODE = YES;
				CLANG_WARN__DUPLICATE_METHOD_MATCH = YES;
				"CODE_SIGN_IDENTITY[sdk=iphoneos*]" = "iPhone Developer";
				COPY_PHASE_STRIP = NO;
				DEBUG_INFORMATION_FORMAT = "dwarf-with-dsym";
				DEVELOPMENT_TEAM = PUB3KR929G;
				ENABLE_NS_ASSERTIONS = NO;
				ENABLE_STRICT_OBJC_MSGSEND = YES;
				GCC_C_LANGUAGE_STANDARD = gnu99;
				GCC_NO_COMMON_BLOCKS = YES;
				GCC_WARN_64_TO_32_BIT_CONVERSION = YES;
				GCC_WARN_ABOUT_RETURN_TYPE = YES_ERROR;
				GCC_WARN_UNDECLARED_SELECTOR = YES;
				GCC_WARN_UNINITIALIZED_AUTOS = YES_AGGRESSIVE;
				GCC_WARN_UNUSED_FUNCTION = YES;
				GCC_WARN_UNUSED_VARIABLE = YES;
				IPHONEOS_DEPLOYMENT_TARGET = 9.3;
				MTL_ENABLE_DEBUG_INFO = NO;
				SDKROOT = iphoneos;
				TARGETED_DEVICE_FAMILY = "1,2";
				VALIDATE_PRODUCT = YES;
			};
			name = Release;
		};
		66B82B9C1D89A015008FBE82 /* Debug */ = {
			isa = XCBuildConfiguration;
			baseConfigurationReference = E4ECCD52F19B36FD7FE22A3C /* Pods-Snapchat.debug.xcconfig */;
			buildSettings = {
				ASSETCATALOG_COMPILER_APPICON_NAME = AppIcon;
				CODE_SIGN_IDENTITY = "iPhone Developer";
				DEVELOPMENT_TEAM = 3A974QQH78;
				INFOPLIST_FILE = Snapchat/Info.plist;
				LD_RUNPATH_SEARCH_PATHS = "$(inherited) @executable_path/Frameworks";
				PRODUCT_BUNDLE_IDENTIFIER = Can.Snapchat1;
				PRODUCT_NAME = "$(TARGET_NAME)";
				SWIFT_VERSION = 2.3;
			};
			name = Debug;
		};
		66B82B9D1D89A015008FBE82 /* Release */ = {
			isa = XCBuildConfiguration;
			baseConfigurationReference = E453FB759031953EEFC43D3B /* Pods-Snapchat.release.xcconfig */;
			buildSettings = {
				ASSETCATALOG_COMPILER_APPICON_NAME = AppIcon;
				CODE_SIGN_IDENTITY = "iPhone Developer";
				DEVELOPMENT_TEAM = 3A974QQH78;
				INFOPLIST_FILE = Snapchat/Info.plist;
				LD_RUNPATH_SEARCH_PATHS = "$(inherited) @executable_path/Frameworks";
				PRODUCT_BUNDLE_IDENTIFIER = Can.Snapchat1;
				PRODUCT_NAME = "$(TARGET_NAME)";
				SWIFT_VERSION = 2.3;
			};
			name = Release;
		};
/* End XCBuildConfiguration section */

/* Begin XCConfigurationList section */
		66B82B841D89A015008FBE82 /* Build configuration list for PBXProject "Snapchat" */ = {
			isa = XCConfigurationList;
			buildConfigurations = (
				66B82B991D89A015008FBE82 /* Debug */,
				66B82B9A1D89A015008FBE82 /* Release */,
			);
			defaultConfigurationIsVisible = 0;
			defaultConfigurationName = Release;
		};
		66B82B9B1D89A015008FBE82 /* Build configuration list for PBXNativeTarget "Snapchat" */ = {
			isa = XCConfigurationList;
			buildConfigurations = (
				66B82B9C1D89A015008FBE82 /* Debug */,
				66B82B9D1D89A015008FBE82 /* Release */,
			);
			defaultConfigurationIsVisible = 0;
			defaultConfigurationName = Release;
		};
/* End XCConfigurationList section */
	};
	rootObject = 66B82B811D89A015008FBE82 /* Project object */;
}
