// !$*UTF8*$!
{
	archiveVersion = 1;
	classes = {
	};
	objectVersion = 46;
	objects = {

/* Begin PBXBuildFile section */
		66B82B8D1D89A015008FBE82 /* AppDelegate.swift in Sources */ = {isa = PBXBuildFile; fileRef = 66B82B8C1D89A015008FBE82 /* AppDelegate.swift */; };
		66B82B921D89A015008FBE82 /* Main.storyboard in Resources */ = {isa = PBXBuildFile; fileRef = 66B82B901D89A015008FBE82 /* Main.storyboard */; };
		66B82B941D89A015008FBE82 /* Assets.xcassets in Resources */ = {isa = PBXBuildFile; fileRef = 66B82B931D89A015008FBE82 /* Assets.xcassets */; };
		66B82B971D89A015008FBE82 /* LaunchScreen.storyboard in Resources */ = {isa = PBXBuildFile; fileRef = 66B82B951D89A015008FBE82 /* LaunchScreen.storyboard */; };
		88497A871D9E5CF400546EF5 /* ChatViewController.swift in Sources */ = {isa = PBXBuildFile; fileRef = 88497A861D9E5CF400546EF5 /* ChatViewController.swift */; };
		88497A891D9E5D0F00546EF5 /* MemoriesViewController.swift in Sources */ = {isa = PBXBuildFile; fileRef = 88497A881D9E5D0F00546EF5 /* MemoriesViewController.swift */; };
		88497A8B1D9E5D2400546EF5 /* PersonalViewController.swift in Sources */ = {isa = PBXBuildFile; fileRef = 88497A8A1D9E5D2400546EF5 /* PersonalViewController.swift */; };
		88497A8D1D9E5D4200546EF5 /* StoriesViewController.swift in Sources */ = {isa = PBXBuildFile; fileRef = 88497A8C1D9E5D4200546EF5 /* StoriesViewController.swift */; };
		88497A911D9E5DB500546EF5 /* DiscoveryViewController.swift in Sources */ = {isa = PBXBuildFile; fileRef = 88497A901D9E5DB500546EF5 /* DiscoveryViewController.swift */; };
		88497A9B1D9EB63400546EF5 /* CamaraViewController.swift in Sources */ = {isa = PBXBuildFile; fileRef = 88497A9A1D9EB63400546EF5 /* CamaraViewController.swift */; };
		886CE85A1DA2294600CA59EB /* AddedMeTableViewCell.swift in Sources */ = {isa = PBXBuildFile; fileRef = 886CE8591DA2294600CA59EB /* AddedMeTableViewCell.swift */; };
		88BF23C71DA23F9A00221EF4 /* AddByUsernameTableViewController.swift in Sources */ = {isa = PBXBuildFile; fileRef = 88BF23C61DA23F9A00221EF4 /* AddByUsernameTableViewController.swift */; };
		88BF23C91DA23FC600221EF4 /* AddByUsernameTableViewCell.swift in Sources */ = {isa = PBXBuildFile; fileRef = 88BF23C81DA23FC600221EF4 /* AddByUsernameTableViewCell.swift */; };
		88CC0EE11D9FD0730064ABBA /* AddedMeViewController.swift in Sources */ = {isa = PBXBuildFile; fileRef = 88CC0EE01D9FD0730064ABBA /* AddedMeViewController.swift */; };
		88CC0EE31D9FD0980064ABBA /* AddFriendsViewController.swift in Sources */ = {isa = PBXBuildFile; fileRef = 88CC0EE21D9FD0980064ABBA /* AddFriendsViewController.swift */; };
		88CC0EE51D9FD0A40064ABBA /* MyFriendsViewController.swift in Sources */ = {isa = PBXBuildFile; fileRef = 88CC0EE41D9FD0A40064ABBA /* MyFriendsViewController.swift */; };
		88E105971DA0C74200C23DD6 /* GoogleService-Info.plist in Resources */ = {isa = PBXBuildFile; fileRef = 88E105961DA0C74200C23DD6 /* GoogleService-Info.plist */; };
		88E408271DA36A6D00ECD643 /* ImageViewController.swift in Sources */ = {isa = PBXBuildFile; fileRef = 88E408261DA36A6D00ECD643 /* ImageViewController.swift */; };
		88E492261DA31CB500A4A15F /* ImageCollectionCell.swift in Sources */ = {isa = PBXBuildFile; fileRef = 88E492251DA31CB500A4A15F /* ImageCollectionCell.swift */; };
		88E492281DA31F4500A4A15F /* Setting.swift in Sources */ = {isa = PBXBuildFile; fileRef = 88E492271DA31F4500A4A15F /* Setting.swift */; };
		88E4922A1DA3242000A4A15F /* ImageObject.swift in Sources */ = {isa = PBXBuildFile; fileRef = 88E492291DA3242000A4A15F /* ImageObject.swift */; };
		88EBD4561DA3A68B00DCB05D /* ShareProtocol.swift in Sources */ = {isa = PBXBuildFile; fileRef = 88EBD4551DA3A68B00DCB05D /* ShareProtocol.swift */; };
		88EBD4581DA3AE9400DCB05D /* AddFriendsTableViewController.swift in Sources */ = {isa = PBXBuildFile; fileRef = 88EBD4571DA3AE9400DCB05D /* AddFriendsTableViewController.swift */; };
		88F2C41E1DA214F000E8CACB /* MyFriendsTableViewController.swift in Sources */ = {isa = PBXBuildFile; fileRef = 88F2C41D1DA214F000E8CACB /* MyFriendsTableViewController.swift */; };
		88F2C4201DA2150200E8CACB /* AddedMeTableViewController.swift in Sources */ = {isa = PBXBuildFile; fileRef = 88F2C41F1DA2150200E8CACB /* AddedMeTableViewController.swift */; };
		88F2C4251DA2166200E8CACB /* UsableData.swift in Sources */ = {isa = PBXBuildFile; fileRef = 88F2C4231DA2166200E8CACB /* UsableData.swift */; };
		88F2C4261DA2166200E8CACB /* User.swift in Sources */ = {isa = PBXBuildFile; fileRef = 88F2C4241DA2166200E8CACB /* User.swift */; };
		88F2C4281DA218F700E8CACB /* MyFriendsTableViewCell.swift in Sources */ = {isa = PBXBuildFile; fileRef = 88F2C4271DA218F700E8CACB /* MyFriendsTableViewCell.swift */; };
/* End PBXBuildFile section */

/* Begin PBXFileReference section */
		66B82B891D89A015008FBE82 /* Snapchat.app */ = {isa = PBXFileReference; explicitFileType = wrapper.application; includeInIndex = 0; path = Snapchat.app; sourceTree = BUILT_PRODUCTS_DIR; };
		66B82B8C1D89A015008FBE82 /* AppDelegate.swift */ = {isa = PBXFileReference; lastKnownFileType = sourcecode.swift; path = AppDelegate.swift; sourceTree = "<group>"; };
		66B82B911D89A015008FBE82 /* Base */ = {isa = PBXFileReference; lastKnownFileType = file.storyboard; name = Base; path = Base.lproj/Main.storyboard; sourceTree = "<group>"; };
		66B82B931D89A015008FBE82 /* Assets.xcassets */ = {isa = PBXFileReference; lastKnownFileType = folder.assetcatalog; path = Assets.xcassets; sourceTree = "<group>"; };
		66B82B961D89A015008FBE82 /* Base */ = {isa = PBXFileReference; lastKnownFileType = file.storyboard; name = Base; path = Base.lproj/LaunchScreen.storyboard; sourceTree = "<group>"; };
		66B82B981D89A015008FBE82 /* Info.plist */ = {isa = PBXFileReference; lastKnownFileType = text.plist.xml; path = Info.plist; sourceTree = "<group>"; };
		88497A861D9E5CF400546EF5 /* ChatViewController.swift */ = {isa = PBXFileReference; fileEncoding = 4; lastKnownFileType = sourcecode.swift; path = ChatViewController.swift; sourceTree = "<group>"; };
		88497A881D9E5D0F00546EF5 /* MemoriesViewController.swift */ = {isa = PBXFileReference; fileEncoding = 4; lastKnownFileType = sourcecode.swift; path = MemoriesViewController.swift; sourceTree = "<group>"; };
		88497A8A1D9E5D2400546EF5 /* PersonalViewController.swift */ = {isa = PBXFileReference; fileEncoding = 4; lastKnownFileType = sourcecode.swift; path = PersonalViewController.swift; sourceTree = "<group>"; };
		88497A8C1D9E5D4200546EF5 /* StoriesViewController.swift */ = {isa = PBXFileReference; fileEncoding = 4; lastKnownFileType = sourcecode.swift; path = StoriesViewController.swift; sourceTree = "<group>"; };
		88497A901D9E5DB500546EF5 /* DiscoveryViewController.swift */ = {isa = PBXFileReference; fileEncoding = 4; lastKnownFileType = sourcecode.swift; path = DiscoveryViewController.swift; sourceTree = "<group>"; };
		88497A9A1D9EB63400546EF5 /* CamaraViewController.swift */ = {isa = PBXFileReference; fileEncoding = 4; lastKnownFileType = sourcecode.swift; path = CamaraViewController.swift; sourceTree = "<group>"; };
		886CE8591DA2294600CA59EB /* AddedMeTableViewCell.swift */ = {isa = PBXFileReference; fileEncoding = 4; lastKnownFileType = sourcecode.swift; path = AddedMeTableViewCell.swift; sourceTree = "<group>"; };
		88BF23C61DA23F9A00221EF4 /* AddByUsernameTableViewController.swift */ = {isa = PBXFileReference; fileEncoding = 4; lastKnownFileType = sourcecode.swift; path = AddByUsernameTableViewController.swift; sourceTree = "<group>"; };
		88BF23C81DA23FC600221EF4 /* AddByUsernameTableViewCell.swift */ = {isa = PBXFileReference; fileEncoding = 4; lastKnownFileType = sourcecode.swift; path = AddByUsernameTableViewCell.swift; sourceTree = "<group>"; };
		88CC0EE01D9FD0730064ABBA /* AddedMeViewController.swift */ = {isa = PBXFileReference; fileEncoding = 4; lastKnownFileType = sourcecode.swift; path = AddedMeViewController.swift; sourceTree = "<group>"; };
		88CC0EE21D9FD0980064ABBA /* AddFriendsViewController.swift */ = {isa = PBXFileReference; fileEncoding = 4; lastKnownFileType = sourcecode.swift; path = AddFriendsViewController.swift; sourceTree = "<group>"; };
		88CC0EE41D9FD0A40064ABBA /* MyFriendsViewController.swift */ = {isa = PBXFileReference; fileEncoding = 4; lastKnownFileType = sourcecode.swift; path = MyFriendsViewController.swift; sourceTree = "<group>"; };
		88E105961DA0C74200C23DD6 /* GoogleService-Info.plist */ = {isa = PBXFileReference; fileEncoding = 4; lastKnownFileType = text.plist.xml; path = "GoogleService-Info.plist"; sourceTree = "<group>"; };
		88E408261DA36A6D00ECD643 /* ImageViewController.swift */ = {isa = PBXFileReference; fileEncoding = 4; lastKnownFileType = sourcecode.swift; path = ImageViewController.swift; sourceTree = "<group>"; };
		88E492251DA31CB500A4A15F /* ImageCollectionCell.swift */ = {isa = PBXFileReference; fileEncoding = 4; lastKnownFileType = sourcecode.swift; path = ImageCollectionCell.swift; sourceTree = "<group>"; };
		88E492271DA31F4500A4A15F /* Setting.swift */ = {isa = PBXFileReference; fileEncoding = 4; lastKnownFileType = sourcecode.swift; path = Setting.swift; sourceTree = "<group>"; };
		88E492291DA3242000A4A15F /* ImageObject.swift */ = {isa = PBXFileReference; fileEncoding = 4; lastKnownFileType = sourcecode.swift; path = ImageObject.swift; sourceTree = "<group>"; };
		88EBD4551DA3A68B00DCB05D /* ShareProtocol.swift */ = {isa = PBXFileReference; fileEncoding = 4; lastKnownFileType = sourcecode.swift; path = ShareProtocol.swift; sourceTree = "<group>"; };
		88EBD4571DA3AE9400DCB05D /* AddFriendsTableViewController.swift */ = {isa = PBXFileReference; fileEncoding = 4; lastKnownFileType = sourcecode.swift; path = AddFriendsTableViewController.swift; sourceTree = "<group>"; };
		88F2C41D1DA214F000E8CACB /* MyFriendsTableViewController.swift */ = {isa = PBXFileReference; fileEncoding = 4; lastKnownFileType = sourcecode.swift; path = MyFriendsTableViewController.swift; sourceTree = "<group>"; };
		88F2C41F1DA2150200E8CACB /* AddedMeTableViewController.swift */ = {isa = PBXFileReference; fileEncoding = 4; lastKnownFileType = sourcecode.swift; path = AddedMeTableViewController.swift; sourceTree = "<group>"; };
		88F2C4231DA2166200E8CACB /* UsableData.swift */ = {isa = PBXFileReference; fileEncoding = 4; lastKnownFileType = sourcecode.swift; path = UsableData.swift; sourceTree = "<group>"; };
		88F2C4241DA2166200E8CACB /* User.swift */ = {isa = PBXFileReference; fileEncoding = 4; lastKnownFileType = sourcecode.swift; path = User.swift; sourceTree = "<group>"; };
		88F2C4271DA218F700E8CACB /* MyFriendsTableViewCell.swift */ = {isa = PBXFileReference; fileEncoding = 4; lastKnownFileType = sourcecode.swift; path = MyFriendsTableViewCell.swift; sourceTree = "<group>"; };
/* End PBXFileReference section */

/* Begin PBXFrameworksBuildPhase section */
		66B82B861D89A015008FBE82 /* Frameworks */ = {
			isa = PBXFrameworksBuildPhase;
			buildActionMask = 2147483647;
			files = (
			);
			runOnlyForDeploymentPostprocessing = 0;
		};
/* End PBXFrameworksBuildPhase section */

/* Begin PBXGroup section */
		66B82B801D89A015008FBE82 = {
			isa = PBXGroup;
			children = (
				66B82B8B1D89A015008FBE82 /* Snapchat */,
				66B82B8A1D89A015008FBE82 /* Products */,
			);
			sourceTree = "<group>";
		};
		66B82B8A1D89A015008FBE82 /* Products */ = {
			isa = PBXGroup;
			children = (
				66B82B891D89A015008FBE82 /* Snapchat.app */,
			);
			name = Products;
			sourceTree = "<group>";
		};
		66B82B8B1D89A015008FBE82 /* Snapchat */ = {
			isa = PBXGroup;
			children = (
				8886C9BA1DA9C8EB008B5A98 /* Stories */,
				88497A9A1D9EB63400546EF5 /* CamaraViewController.swift */,
				88497A901D9E5DB500546EF5 /* DiscoveryViewController.swift */,
				8886C9B91DA9C8D1008B5A98 /* Supporting Files */,
				66B82B901D89A015008FBE82 /* Main.storyboard */,
				88EBD4571DA3AE9400DCB05D /* AddFriendsTableViewController.swift */,
				88E408261DA36A6D00ECD643 /* ImageViewController.swift */,
				88BF23C61DA23F9A00221EF4 /* AddByUsernameTableViewController.swift */,
				88BF23C81DA23FC600221EF4 /* AddByUsernameTableViewCell.swift */,
				88F2C41D1DA214F000E8CACB /* MyFriendsTableViewController.swift */,
				88F2C4271DA218F700E8CACB /* MyFriendsTableViewCell.swift */,
				88F2C41F1DA2150200E8CACB /* AddedMeTableViewController.swift */,
				886CE8591DA2294600CA59EB /* AddedMeTableViewCell.swift */,
				88497A861D9E5CF400546EF5 /* ChatViewController.swift */,
				88497A881D9E5D0F00546EF5 /* MemoriesViewController.swift */,
				88E492251DA31CB500A4A15F /* ImageCollectionCell.swift */,
				88E492291DA3242000A4A15F /* ImageObject.swift */,
				88E492271DA31F4500A4A15F /* Setting.swift */,
				88497A8A1D9E5D2400546EF5 /* PersonalViewController.swift */,
				88497A8C1D9E5D4200546EF5 /* StoriesViewController.swift */,
				88CC0EE01D9FD0730064ABBA /* AddedMeViewController.swift */,
				88CC0EE21D9FD0980064ABBA /* AddFriendsViewController.swift */,
				88E105961DA0C74200C23DD6 /* GoogleService-Info.plist */,
				88CC0EE41D9FD0A40064ABBA /* MyFriendsViewController.swift */,
				88F2C4231DA2166200E8CACB /* UsableData.swift */,
				88F2C4241DA2166200E8CACB /* User.swift */,
				88EBD4551DA3A68B00DCB05D /* ShareProtocol.swift */,
			);
			path = Snapchat;
			sourceTree = "<group>";
		};
		8886C9B91DA9C8D1008B5A98 /* Supporting Files */ = {
			isa = PBXGroup;
			children = (
				66B82B8C1D89A015008FBE82 /* AppDelegate.swift */,
				66B82B931D89A015008FBE82 /* Assets.xcassets */,
				66B82B951D89A015008FBE82 /* LaunchScreen.storyboard */,
				66B82B981D89A015008FBE82 /* Info.plist */,
			);
			name = "Supporting Files";
			sourceTree = "<group>";
		};
		8886C9BA1DA9C8EB008B5A98 /* Stories */ = {
			isa = PBXGroup;
			children = (
			);
			name = Stories;
			sourceTree = "<group>";
		};
/* End PBXGroup section */

/* Begin PBXNativeTarget section */
		66B82B881D89A015008FBE82 /* Snapchat */ = {
			isa = PBXNativeTarget;
			buildConfigurationList = 66B82B9B1D89A015008FBE82 /* Build configuration list for PBXNativeTarget "Snapchat" */;
			buildPhases = (
				66B82B851D89A015008FBE82 /* Sources */,
				66B82B861D89A015008FBE82 /* Frameworks */,
				66B82B871D89A015008FBE82 /* Resources */,
			);
			buildRules = (
			);
			dependencies = (
			);
			name = Snapchat;
			productName = Snapchat;
			productReference = 66B82B891D89A015008FBE82 /* Snapchat.app */;
			productType = "com.apple.product-type.application";
		};
/* End PBXNativeTarget section */

/* Begin PBXProject section */
		66B82B811D89A015008FBE82 /* Project object */ = {
			isa = PBXProject;
			attributes = {
				LastSwiftUpdateCheck = 0730;
				LastUpgradeCheck = 0730;
				ORGANIZATIONNAME = Can;
				TargetAttributes = {
					66B82B881D89A015008FBE82 = {
						CreatedOnToolsVersion = 7.3.1;
						DevelopmentTeam = PUB3KR929G;
						LastSwiftMigration = 0800;
					};
				};
			};
			buildConfigurationList = 66B82B841D89A015008FBE82 /* Build configuration list for PBXProject "Snapchat" */;
			compatibilityVersion = "Xcode 3.2";
			developmentRegion = English;
			hasScannedForEncodings = 0;
			knownRegions = (
				en,
				Base,
			);
			mainGroup = 66B82B801D89A015008FBE82;
			productRefGroup = 66B82B8A1D89A015008FBE82 /* Products */;
			projectDirPath = "";
			projectRoot = "";
			targets = (
				66B82B881D89A015008FBE82 /* Snapchat */,
			);
		};
/* End PBXProject section */

/* Begin PBXResourcesBuildPhase section */
		66B82B871D89A015008FBE82 /* Resources */ = {
			isa = PBXResourcesBuildPhase;
			buildActionMask = 2147483647;
			files = (
				66B82B971D89A015008FBE82 /* LaunchScreen.storyboard in Resources */,
				88E105971DA0C74200C23DD6 /* GoogleService-Info.plist in Resources */,
				66B82B941D89A015008FBE82 /* Assets.xcassets in Resources */,
				66B82B921D89A015008FBE82 /* Main.storyboard in Resources */,
			);
			runOnlyForDeploymentPostprocessing = 0;
		};
/* End PBXResourcesBuildPhase section */

/* Begin PBXSourcesBuildPhase section */
		66B82B851D89A015008FBE82 /* Sources */ = {
			isa = PBXSourcesBuildPhase;
			buildActionMask = 2147483647;
			files = (
				88E492261DA31CB500A4A15F /* ImageCollectionCell.swift in Sources */,
				88CC0EE51D9FD0A40064ABBA /* MyFriendsViewController.swift in Sources */,
				88497A8D1D9E5D4200546EF5 /* StoriesViewController.swift in Sources */,
				88E4922A1DA3242000A4A15F /* ImageObject.swift in Sources */,
				88F2C41E1DA214F000E8CACB /* MyFriendsTableViewController.swift in Sources */,
				88CC0EE11D9FD0730064ABBA /* AddedMeViewController.swift in Sources */,
				88EBD4561DA3A68B00DCB05D /* ShareProtocol.swift in Sources */,
				88BF23C91DA23FC600221EF4 /* AddByUsernameTableViewCell.swift in Sources */,
				88F2C4251DA2166200E8CACB /* UsableData.swift in Sources */,
				66B82B8D1D89A015008FBE82 /* AppDelegate.swift in Sources */,
				88497A8B1D9E5D2400546EF5 /* PersonalViewController.swift in Sources */,
				88F2C4261DA2166200E8CACB /* User.swift in Sources */,
				88E492281DA31F4500A4A15F /* Setting.swift in Sources */,
				88497A9B1D9EB63400546EF5 /* CamaraViewController.swift in Sources */,
				88497A911D9E5DB500546EF5 /* DiscoveryViewController.swift in Sources */,
				88BF23C71DA23F9A00221EF4 /* AddByUsernameTableViewController.swift in Sources */,
				88F2C4281DA218F700E8CACB /* MyFriendsTableViewCell.swift in Sources */,
				88EBD4581DA3AE9400DCB05D /* AddFriendsTableViewController.swift in Sources */,
				88F2C4201DA2150200E8CACB /* AddedMeTableViewController.swift in Sources */,
				886CE85A1DA2294600CA59EB /* AddedMeTableViewCell.swift in Sources */,
				88CC0EE31D9FD0980064ABBA /* AddFriendsViewController.swift in Sources */,
				88497A871D9E5CF400546EF5 /* ChatViewController.swift in Sources */,
				88E408271DA36A6D00ECD643 /* ImageViewController.swift in Sources */,
				88497A891D9E5D0F00546EF5 /* MemoriesViewController.swift in Sources */,
			);
			runOnlyForDeploymentPostprocessing = 0;
		};
/* End PBXSourcesBuildPhase section */

/* Begin PBXVariantGroup section */
		66B82B901D89A015008FBE82 /* Main.storyboard */ = {
			isa = PBXVariantGroup;
			children = (
				66B82B911D89A015008FBE82 /* Base */,
			);
			name = Main.storyboard;
			sourceTree = "<group>";
		};
		66B82B951D89A015008FBE82 /* LaunchScreen.storyboard */ = {
			isa = PBXVariantGroup;
			children = (
				66B82B961D89A015008FBE82 /* Base */,
			);
			name = LaunchScreen.storyboard;
			sourceTree = "<group>";
		};
/* End PBXVariantGroup section */

/* Begin XCBuildConfiguration section */
		66B82B991D89A015008FBE82 /* Debug */ = {
			isa = XCBuildConfiguration;
			buildSettings = {
				ALWAYS_SEARCH_USER_PATHS = NO;
				CLANG_ANALYZER_NONNULL = YES;
				CLANG_CXX_LANGUAGE_STANDARD = "gnu++0x";
				CLANG_CXX_LIBRARY = "libc++";
				CLANG_ENABLE_MODULES = YES;
				CLANG_ENABLE_OBJC_ARC = YES;
				CLANG_WARN_BOOL_CONVERSION = YES;
				CLANG_WARN_CONSTANT_CONVERSION = YES;
				CLANG_WARN_DIRECT_OBJC_ISA_USAGE = YES_ERROR;
				CLANG_WARN_EMPTY_BODY = YES;
				CLANG_WARN_ENUM_CONVERSION = YES;
				CLANG_WARN_INT_CONVERSION = YES;
				CLANG_WARN_OBJC_ROOT_CLASS = YES_ERROR;
				CLANG_WARN_UNREACHABLE_CODE = YES;
				CLANG_WARN__DUPLICATE_METHOD_MATCH = YES;
				"CODE_SIGN_IDENTITY[sdk=iphoneos*]" = "iPhone Developer";
				COPY_PHASE_STRIP = NO;
				DEBUG_INFORMATION_FORMAT = dwarf;
				DEVELOPMENT_TEAM = PUB3KR929G;
				ENABLE_STRICT_OBJC_MSGSEND = YES;
				ENABLE_TESTABILITY = YES;
				GCC_C_LANGUAGE_STANDARD = gnu99;
				GCC_DYNAMIC_NO_PIC = NO;
				GCC_NO_COMMON_BLOCKS = YES;
				GCC_OPTIMIZATION_LEVEL = 0;
				GCC_PREPROCESSOR_DEFINITIONS = (
					"DEBUG=1",
					"$(inherited)",
				);
				GCC_WARN_64_TO_32_BIT_CONVERSION = YES;
				GCC_WARN_ABOUT_RETURN_TYPE = YES_ERROR;
				GCC_WARN_UNDECLARED_SELECTOR = YES;
				GCC_WARN_UNINITIALIZED_AUTOS = YES_AGGRESSIVE;
				GCC_WARN_UNUSED_FUNCTION = YES;
				GCC_WARN_UNUSED_VARIABLE = YES;
				IPHONEOS_DEPLOYMENT_TARGET = 9.3;
				MTL_ENABLE_DEBUG_INFO = YES;
				ONLY_ACTIVE_ARCH = YES;
				SDKROOT = iphoneos;
				SWIFT_OPTIMIZATION_LEVEL = "-Onone";
				TARGETED_DEVICE_FAMILY = "1,2";
			};
			name = Debug;
		};
		66B82B9A1D89A015008FBE82 /* Release */ = {
			isa = XCBuildConfiguration;
			buildSettings = {
				ALWAYS_SEARCH_USER_PATHS = NO;
				CLANG_ANALYZER_NONNULL = YES;
				CLANG_CXX_LANGUAGE_STANDARD = "gnu++0x";
				CLANG_CXX_LIBRARY = "libc++";
				CLANG_ENABLE_MODULES = YES;
				CLANG_ENABLE_OBJC_ARC = YES;
				CLANG_WARN_BOOL_CONVERSION = YES;
				CLANG_WARN_CONSTANT_CONVERSION = YES;
				CLANG_WARN_DIRECT_OBJC_ISA_USAGE = YES_ERROR;
				CLANG_WARN_EMPTY_BODY = YES;
				CLANG_WARN_ENUM_CONVERSION = YES;
				CLANG_WARN_INT_CONVERSION = YES;
				CLANG_WARN_OBJC_ROOT_CLASS = YES_ERROR;
				CLANG_WARN_UNREACHABLE_CODE = YES;
				CLANG_WARN__DUPLICATE_METHOD_MATCH = YES;
				"CODE_SIGN_IDENTITY[sdk=iphoneos*]" = "iPhone Developer";
				COPY_PHASE_STRIP = NO;
				DEBUG_INFORMATION_FORMAT = "dwarf-with-dsym";
				DEVELOPMENT_TEAM = PUB3KR929G;
				ENABLE_NS_ASSERTIONS = NO;
				ENABLE_STRICT_OBJC_MSGSEND = YES;
				GCC_C_LANGUAGE_STANDARD = gnu99;
				GCC_NO_COMMON_BLOCKS = YES;
				GCC_WARN_64_TO_32_BIT_CONVERSION = YES;
				GCC_WARN_ABOUT_RETURN_TYPE = YES_ERROR;
				GCC_WARN_UNDECLARED_SELECTOR = YES;
				GCC_WARN_UNINITIALIZED_AUTOS = YES_AGGRESSIVE;
				GCC_WARN_UNUSED_FUNCTION = YES;
				GCC_WARN_UNUSED_VARIABLE = YES;
				IPHONEOS_DEPLOYMENT_TARGET = 9.3;
				MTL_ENABLE_DEBUG_INFO = NO;
				SDKROOT = iphoneos;
				TARGETED_DEVICE_FAMILY = "1,2";
				VALIDATE_PRODUCT = YES;
			};
			name = Release;
		};
		66B82B9C1D89A015008FBE82 /* Debug */ = {
			isa = XCBuildConfiguration;
			buildSettings = {
				ASSETCATALOG_COMPILER_APPICON_NAME = AppIcon;
				CODE_SIGN_IDENTITY = "iPhone Developer";
				INFOPLIST_FILE = Snapchat/Info.plist;
				LD_RUNPATH_SEARCH_PATHS = "$(inherited) @executable_path/Frameworks";
				PRODUCT_BUNDLE_IDENTIFIER = Can.Snapchat;
				PRODUCT_NAME = "$(TARGET_NAME)";
				SWIFT_VERSION = 2.3;
			};
			name = Debug;
		};
		66B82B9D1D89A015008FBE82 /* Release */ = {
			isa = XCBuildConfiguration;
			buildSettings = {
				ASSETCATALOG_COMPILER_APPICON_NAME = AppIcon;
				CODE_SIGN_IDENTITY = "iPhone Developer";
				INFOPLIST_FILE = Snapchat/Info.plist;
				LD_RUNPATH_SEARCH_PATHS = "$(inherited) @executable_path/Frameworks";
				PRODUCT_BUNDLE_IDENTIFIER = Can.Snapchat;
				PRODUCT_NAME = "$(TARGET_NAME)";
				SWIFT_VERSION = 2.3;
			};
			name = Release;
		};
/* End XCBuildConfiguration section */

/* Begin XCConfigurationList section */
		66B82B841D89A015008FBE82 /* Build configuration list for PBXProject "Snapchat" */ = {
			isa = XCConfigurationList;
			buildConfigurations = (
				66B82B991D89A015008FBE82 /* Debug */,
				66B82B9A1D89A015008FBE82 /* Release */,
			);
			defaultConfigurationIsVisible = 0;
			defaultConfigurationName = Release;
		};
		66B82B9B1D89A015008FBE82 /* Build configuration list for PBXNativeTarget "Snapchat" */ = {
			isa = XCConfigurationList;
			buildConfigurations = (
				66B82B9C1D89A015008FBE82 /* Debug */,
				66B82B9D1D89A015008FBE82 /* Release */,
			);
			defaultConfigurationIsVisible = 0;
			defaultConfigurationName = Release;
		};
/* End XCConfigurationList section */
	};
	rootObject = 66B82B811D89A015008FBE82 /* Project object */;
}
