// !$*UTF8*$!
{
	archiveVersion = 1;
	classes = {
	};
	objectVersion = 46;
	objects = {

/* Begin PBXBuildFile section */
		66B82B8D1D89A015008FBE82 /* AppDelegate.swift in Sources */ = {isa = PBXBuildFile; fileRef = 66B82B8C1D89A015008FBE82 /* AppDelegate.swift */; };
		66B82B921D89A015008FBE82 /* Main.storyboard in Resources */ = {isa = PBXBuildFile; fileRef = 66B82B901D89A015008FBE82 /* Main.storyboard */; };
		66B82B971D89A015008FBE82 /* LaunchScreen.storyboard in Resources */ = {isa = PBXBuildFile; fileRef = 66B82B951D89A015008FBE82 /* LaunchScreen.storyboard */; };
		66BFB2FF1DA9EF6B00F0EA7A /* DiscoverData.swift in Sources */ = {isa = PBXBuildFile; fileRef = 66BFB2FE1DA9EF6B00F0EA7A /* DiscoverData.swift */; };
		66BFB3011DA9EF8200F0EA7A /* CategoryRow.swift in Sources */ = {isa = PBXBuildFile; fileRef = 66BFB3001DA9EF8200F0EA7A /* CategoryRow.swift */; };
		66BFB3031DA9EF8A00F0EA7A /* DiscoverCell.swift in Sources */ = {isa = PBXBuildFile; fileRef = 66BFB3021DA9EF8A00F0EA7A /* DiscoverCell.swift */; };
		66BFB3051DA9EF9600F0EA7A /* DiscoveryViewController.swift in Sources */ = {isa = PBXBuildFile; fileRef = 66BFB3041DA9EF9600F0EA7A /* DiscoveryViewController.swift */; };
		66BFB3071DA9EFBA00F0EA7A /* StoriesViewController.swift in Sources */ = {isa = PBXBuildFile; fileRef = 66BFB3061DA9EFBA00F0EA7A /* StoriesViewController.swift */; };
		66BFB3091DA9EFCD00F0EA7A /* SubscruptionsTableViewCell.swift in Sources */ = {isa = PBXBuildFile; fileRef = 66BFB3081DA9EFCD00F0EA7A /* SubscruptionsTableViewCell.swift */; };
		66BFB30B1DA9EFD500F0EA7A /* VideoCell.swift in Sources */ = {isa = PBXBuildFile; fileRef = 66BFB30A1DA9EFD500F0EA7A /* VideoCell.swift */; };
		66BFB30D1DA9F28C00F0EA7A /* Assets.xcassets in Resources */ = {isa = PBXBuildFile; fileRef = 66BFB30C1DA9F28C00F0EA7A /* Assets.xcassets */; };
		88497A871D9E5CF400546EF5 /* ChatViewController.swift in Sources */ = {isa = PBXBuildFile; fileRef = 88497A861D9E5CF400546EF5 /* ChatViewController.swift */; };
		88497A891D9E5D0F00546EF5 /* MemoriesViewController.swift in Sources */ = {isa = PBXBuildFile; fileRef = 88497A881D9E5D0F00546EF5 /* MemoriesViewController.swift */; };
		88497A8B1D9E5D2400546EF5 /* PersonalViewController.swift in Sources */ = {isa = PBXBuildFile; fileRef = 88497A8A1D9E5D2400546EF5 /* PersonalViewController.swift */; };
		88497A9B1D9EB63400546EF5 /* CameraViewController.swift in Sources */ = {isa = PBXBuildFile; fileRef = 88497A9A1D9EB63400546EF5 /* CameraViewController.swift */; };
		886CE85A1DA2294600CA59EB /* AddedMeTableViewCell.swift in Sources */ = {isa = PBXBuildFile; fileRef = 886CE8591DA2294600CA59EB /* AddedMeTableViewCell.swift */; };
		88BF23C71DA23F9A00221EF4 /* AddByUsernameTableViewController.swift in Sources */ = {isa = PBXBuildFile; fileRef = 88BF23C61DA23F9A00221EF4 /* AddByUsernameTableViewController.swift */; };
		88BF23C91DA23FC600221EF4 /* AddByUsernameTableViewCell.swift in Sources */ = {isa = PBXBuildFile; fileRef = 88BF23C81DA23FC600221EF4 /* AddByUsernameTableViewCell.swift */; };
		88CC0EE31D9FD0980064ABBA /* AddFriendsViewController.swift in Sources */ = {isa = PBXBuildFile; fileRef = 88CC0EE21D9FD0980064ABBA /* AddFriendsViewController.swift */; };
		88E105971DA0C74200C23DD6 /* GoogleService-Info.plist in Resources */ = {isa = PBXBuildFile; fileRef = 88E105961DA0C74200C23DD6 /* GoogleService-Info.plist */; };
		88E408271DA36A6D00ECD643 /* ImageViewController.swift in Sources */ = {isa = PBXBuildFile; fileRef = 88E408261DA36A6D00ECD643 /* ImageViewController.swift */; };
		88E492261DA31CB500A4A15F /* ImageCollectionCell.swift in Sources */ = {isa = PBXBuildFile; fileRef = 88E492251DA31CB500A4A15F /* ImageCollectionCell.swift */; };
		88E492281DA31F4500A4A15F /* SettingImage.swift in Sources */ = {isa = PBXBuildFile; fileRef = 88E492271DA31F4500A4A15F /* SettingImage.swift */; };
		88E4922A1DA3242000A4A15F /* ImageObject.swift in Sources */ = {isa = PBXBuildFile; fileRef = 88E492291DA3242000A4A15F /* ImageObject.swift */; };
		88EBD4561DA3A68B00DCB05D /* ShareProtocol.swift in Sources */ = {isa = PBXBuildFile; fileRef = 88EBD4551DA3A68B00DCB05D /* ShareProtocol.swift */; };
		88EBD4581DA3AE9400DCB05D /* AddFriendsTableViewController.swift in Sources */ = {isa = PBXBuildFile; fileRef = 88EBD4571DA3AE9400DCB05D /* AddFriendsTableViewController.swift */; };
		88F2C41E1DA214F000E8CACB /* MyFriendsTableViewController.swift in Sources */ = {isa = PBXBuildFile; fileRef = 88F2C41D1DA214F000E8CACB /* MyFriendsTableViewController.swift */; };
		88F2C4201DA2150200E8CACB /* AddedMeTableViewController.swift in Sources */ = {isa = PBXBuildFile; fileRef = 88F2C41F1DA2150200E8CACB /* AddedMeTableViewController.swift */; };
		88F2C4251DA2166200E8CACB /* UsableData.swift in Sources */ = {isa = PBXBuildFile; fileRef = 88F2C4231DA2166200E8CACB /* UsableData.swift */; };
		88F2C4261DA2166200E8CACB /* User.swift in Sources */ = {isa = PBXBuildFile; fileRef = 88F2C4241DA2166200E8CACB /* User.swift */; };
		88F2C4281DA218F700E8CACB /* MyFriendsTableViewCell.swift in Sources */ = {isa = PBXBuildFile; fileRef = 88F2C4271DA218F700E8CACB /* MyFriendsTableViewCell.swift */; };
/* End PBXBuildFile section */

/* Begin PBXFileReference section */
		66B82B891D89A015008FBE82 /* Snapchat.app */ = {isa = PBXFileReference; explicitFileType = wrapper.application; includeInIndex = 0; path = Snapchat.app; sourceTree = BUILT_PRODUCTS_DIR; };
		66B82B8C1D89A015008FBE82 /* AppDelegate.swift */ = {isa = PBXFileReference; lastKnownFileType = sourcecode.swift; path = AppDelegate.swift; sourceTree = "<group>"; };
		66B82B911D89A015008FBE82 /* Base */ = {isa = PBXFileReference; lastKnownFileType = file.storyboard; name = Base; path = Base.lproj/Main.storyboard; sourceTree = "<group>"; };
		66B82B961D89A015008FBE82 /* Base */ = {isa = PBXFileReference; lastKnownFileType = file.storyboard; name = Base; path = Base.lproj/LaunchScreen.storyboard; sourceTree = "<group>"; };
		66B82B981D89A015008FBE82 /* Info.plist */ = {isa = PBXFileReference; lastKnownFileType = text.plist.xml; path = Info.plist; sourceTree = "<group>"; };
		66BFB2FE1DA9EF6B00F0EA7A /* DiscoverData.swift */ = {isa = PBXFileReference; fileEncoding = 4; lastKnownFileType = sourcecode.swift; name = DiscoverData.swift; path = "../../../../Downloads/Snapchat-discover/DiscoverData.swift"; sourceTree = "<group>"; };
		66BFB3001DA9EF8200F0EA7A /* CategoryRow.swift */ = {isa = PBXFileReference; fileEncoding = 4; lastKnownFileType = sourcecode.swift; name = CategoryRow.swift; path = "../../../../Downloads/Snapchat-discover/Snapchat/Snapchat/CategoryRow.swift"; sourceTree = "<group>"; };
		66BFB3021DA9EF8A00F0EA7A /* DiscoverCell.swift */ = {isa = PBXFileReference; fileEncoding = 4; lastKnownFileType = sourcecode.swift; name = DiscoverCell.swift; path = "../../../../Downloads/Snapchat-discover/Snapchat/Snapchat/DiscoverCell.swift"; sourceTree = "<group>"; };
		66BFB3041DA9EF9600F0EA7A /* DiscoveryViewController.swift */ = {isa = PBXFileReference; fileEncoding = 4; lastKnownFileType = sourcecode.swift; name = DiscoveryViewController.swift; path = "../../../../Downloads/Snapchat-discover/Snapchat/Snapchat/DiscoveryViewController.swift"; sourceTree = "<group>"; };
		66BFB3061DA9EFBA00F0EA7A /* StoriesViewController.swift */ = {isa = PBXFileReference; fileEncoding = 4; lastKnownFileType = sourcecode.swift; name = StoriesViewController.swift; path = "../../../../Downloads/Snapchat-discover/Snapchat/Snapchat/StoriesViewController.swift"; sourceTree = "<group>"; };
		66BFB3081DA9EFCD00F0EA7A /* SubscruptionsTableViewCell.swift */ = {isa = PBXFileReference; fileEncoding = 4; lastKnownFileType = sourcecode.swift; name = SubscruptionsTableViewCell.swift; path = "../../../../Downloads/Snapchat-discover/Snapchat/Snapchat/SubscruptionsTableViewCell.swift"; sourceTree = "<group>"; };
		66BFB30A1DA9EFD500F0EA7A /* VideoCell.swift */ = {isa = PBXFileReference; fileEncoding = 4; lastKnownFileType = sourcecode.swift; name = VideoCell.swift; path = "../../../../Downloads/Snapchat-discover/Snapchat/Snapchat/VideoCell.swift"; sourceTree = "<group>"; };
		66BFB30C1DA9F28C00F0EA7A /* Assets.xcassets */ = {isa = PBXFileReference; lastKnownFileType = folder.assetcatalog; name = Assets.xcassets; path = "../../../../Downloads/Snapchat-discover/Snapchat/Snapchat/Assets.xcassets"; sourceTree = "<group>"; };
		88497A861D9E5CF400546EF5 /* ChatViewController.swift */ = {isa = PBXFileReference; fileEncoding = 4; lastKnownFileType = sourcecode.swift; path = ChatViewController.swift; sourceTree = "<group>"; };
		88497A881D9E5D0F00546EF5 /* MemoriesViewController.swift */ = {isa = PBXFileReference; fileEncoding = 4; lastKnownFileType = sourcecode.swift; path = MemoriesViewController.swift; sourceTree = "<group>"; };
		88497A8A1D9E5D2400546EF5 /* PersonalViewController.swift */ = {isa = PBXFileReference; fileEncoding = 4; lastKnownFileType = sourcecode.swift; path = PersonalViewController.swift; sourceTree = "<group>"; };
		88497A9A1D9EB63400546EF5 /* CameraViewController.swift */ = {isa = PBXFileReference; fileEncoding = 4; lastKnownFileType = sourcecode.swift; path = CameraViewController.swift; sourceTree = "<group>"; };
		886CE8591DA2294600CA59EB /* AddedMeTableViewCell.swift */ = {isa = PBXFileReference; fileEncoding = 4; lastKnownFileType = sourcecode.swift; path = AddedMeTableViewCell.swift; sourceTree = "<group>"; };
		88BF23C61DA23F9A00221EF4 /* AddByUsernameTableViewController.swift */ = {isa = PBXFileReference; fileEncoding = 4; lastKnownFileType = sourcecode.swift; path = AddByUsernameTableViewController.swift; sourceTree = "<group>"; };
		88BF23C81DA23FC600221EF4 /* AddByUsernameTableViewCell.swift */ = {isa = PBXFileReference; fileEncoding = 4; lastKnownFileType = sourcecode.swift; path = AddByUsernameTableViewCell.swift; sourceTree = "<group>"; };
		88CC0EE21D9FD0980064ABBA /* AddFriendsViewController.swift */ = {isa = PBXFileReference; fileEncoding = 4; lastKnownFileType = sourcecode.swift; path = AddFriendsViewController.swift; sourceTree = "<group>"; };
		88E105961DA0C74200C23DD6 /* GoogleService-Info.plist */ = {isa = PBXFileReference; fileEncoding = 4; lastKnownFileType = text.plist.xml; path = "GoogleService-Info.plist"; sourceTree = "<group>"; };
		88E408261DA36A6D00ECD643 /* ImageViewController.swift */ = {isa = PBXFileReference; fileEncoding = 4; lastKnownFileType = sourcecode.swift; path = ImageViewController.swift; sourceTree = "<group>"; };
		88E492251DA31CB500A4A15F /* ImageCollectionCell.swift */ = {isa = PBXFileReference; fileEncoding = 4; lastKnownFileType = sourcecode.swift; path = ImageCollectionCell.swift; sourceTree = "<group>"; };
		88E492271DA31F4500A4A15F /* SettingImage.swift */ = {isa = PBXFileReference; fileEncoding = 4; lastKnownFileType = sourcecode.swift; path = SettingImage.swift; sourceTree = "<group>"; };
		88E492291DA3242000A4A15F /* ImageObject.swift */ = {isa = PBXFileReference; fileEncoding = 4; lastKnownFileType = sourcecode.swift; path = ImageObject.swift; sourceTree = "<group>"; };
		88EBD4551DA3A68B00DCB05D /* ShareProtocol.swift */ = {isa = PBXFileReference; fileEncoding = 4; lastKnownFileType = sourcecode.swift; path = ShareProtocol.swift; sourceTree = "<group>"; };
		88EBD4571DA3AE9400DCB05D /* AddFriendsTableViewController.swift */ = {isa = PBXFileReference; fileEncoding = 4; lastKnownFileType = sourcecode.swift; path = AddFriendsTableViewController.swift; sourceTree = "<group>"; };
		88F2C41D1DA214F000E8CACB /* MyFriendsTableViewController.swift */ = {isa = PBXFileReference; fileEncoding = 4; lastKnownFileType = sourcecode.swift; path = MyFriendsTableViewController.swift; sourceTree = "<group>"; };
		88F2C41F1DA2150200E8CACB /* AddedMeTableViewController.swift */ = {isa = PBXFileReference; fileEncoding = 4; lastKnownFileType = sourcecode.swift; path = AddedMeTableViewController.swift; sourceTree = "<group>"; };
		88F2C4231DA2166200E8CACB /* UsableData.swift */ = {isa = PBXFileReference; fileEncoding = 4; lastKnownFileType = sourcecode.swift; path = UsableData.swift; sourceTree = "<group>"; };
		88F2C4241DA2166200E8CACB /* User.swift */ = {isa = PBXFileReference; fileEncoding = 4; lastKnownFileType = sourcecode.swift; path = User.swift; sourceTree = "<group>"; };
		88F2C4271DA218F700E8CACB /* MyFriendsTableViewCell.swift */ = {isa = PBXFileReference; fileEncoding = 4; lastKnownFileType = sourcecode.swift; path = MyFriendsTableViewCell.swift; sourceTree = "<group>"; };
/* End PBXFileReference section */

/* Begin PBXFrameworksBuildPhase section */
		66B82B861D89A015008FBE82 /* Frameworks */ = {
			isa = PBXFrameworksBuildPhase;
			buildActionMask = 2147483647;
			files = (
			);
			runOnlyForDeploymentPostprocessing = 0;
		};
/* End PBXFrameworksBuildPhase section */

/* Begin PBXGroup section */
		66B82B801D89A015008FBE82 = {
			isa = PBXGroup;
			children = (
				66B82B8B1D89A015008FBE82 /* Snapchat */,
				66B82B8A1D89A015008FBE82 /* Products */,
			);
			sourceTree = "<group>";
		};
		66B82B8A1D89A015008FBE82 /* Products */ = {
			isa = PBXGroup;
			children = (
				66B82B891D89A015008FBE82 /* Snapchat.app */,
			);
			name = Products;
			sourceTree = "<group>";
		};
		66B82B8B1D89A015008FBE82 /* Snapchat */ = {
			isa = PBXGroup;
			children = (
				8886C9C11DA9DDD2008B5A98 /* TemporaryUseless */,
				8886C9C01DA9DCDD008B5A98 /* Camera */,
				8886C9BE1DA9DC8B008B5A98 /* Memories */,
				8886C9BD1DA9DC7D008B5A98 /* Chat */,
				8886C9BC1DA9DC4C008B5A98 /* DatabaseEntry */,
				8886C9BA1DA9C8EB008B5A98 /* Stories */,
				8886C9BF1DA9DC99008B5A98 /* Discovery */,
				8886C9B91DA9C8D1008B5A98 /* Supporting Files */,
				66B82B901D89A015008FBE82 /* Main.storyboard */,
				88E408261DA36A6D00ECD643 /* ImageViewController.swift */,
				8886C9BB1DA9D905008B5A98 /* Personal */,
				88E105961DA0C74200C23DD6 /* GoogleService-Info.plist */,
				88F2C4231DA2166200E8CACB /* UsableData.swift */,
				88F2C4241DA2166200E8CACB /* User.swift */,
				88EBD4551DA3A68B00DCB05D /* ShareProtocol.swift */,
			);
			path = Snapchat;
			sourceTree = "<group>";
		};
		8886C9B91DA9C8D1008B5A98 /* Supporting Files */ = {
			isa = PBXGroup;
			children = (
				66BFB30C1DA9F28C00F0EA7A /* Assets.xcassets */,
				66B82B8C1D89A015008FBE82 /* AppDelegate.swift */,
				66B82B951D89A015008FBE82 /* LaunchScreen.storyboard */,
				66B82B981D89A015008FBE82 /* Info.plist */,
			);
			name = "Supporting Files";
			sourceTree = "<group>";
		};
		8886C9BA1DA9C8EB008B5A98 /* Stories */ = {
			isa = PBXGroup;
			children = (
				66BFB3061DA9EFBA00F0EA7A /* StoriesViewController.swift */,
				66BFB3081DA9EFCD00F0EA7A /* SubscruptionsTableViewCell.swift */,
				66BFB3001DA9EF8200F0EA7A /* CategoryRow.swift */,
				66BFB30A1DA9EFD500F0EA7A /* VideoCell.swift */,
			);
			name = Stories;
			sourceTree = "<group>";
		};
		8886C9BB1DA9D905008B5A98 /* Personal */ = {
			isa = PBXGroup;
			children = (
				88497A8A1D9E5D2400546EF5 /* PersonalViewController.swift */,
				8886C9C51DA9DEFB008B5A98 /* MyFriends */,
				8886C9C41DA9DEF0008B5A98 /* AddFriends */,
				8886C9C31DA9DEE2008B5A98 /* AddedMe */,
			);
			name = Personal;
			sourceTree = "<group>";
		};
		8886C9BC1DA9DC4C008B5A98 /* DatabaseEntry */ = {
			isa = PBXGroup;
			children = (
			);
			name = DatabaseEntry;
			sourceTree = "<group>";
		};
		8886C9BD1DA9DC7D008B5A98 /* Chat */ = {
			isa = PBXGroup;
			children = (
				88497A861D9E5CF400546EF5 /* ChatViewController.swift */,
			);
			name = Chat;
			sourceTree = "<group>";
		};
		8886C9BE1DA9DC8B008B5A98 /* Memories */ = {
			isa = PBXGroup;
			children = (
				88497A881D9E5D0F00546EF5 /* MemoriesViewController.swift */,
			);
			name = Memories;
			sourceTree = "<group>";
		};
		8886C9BF1DA9DC99008B5A98 /* Discovery */ = {
			isa = PBXGroup;
			children = (
				66BFB3041DA9EF9600F0EA7A /* DiscoveryViewController.swift */,
				66BFB3021DA9EF8A00F0EA7A /* DiscoverCell.swift */,
				66BFB2FE1DA9EF6B00F0EA7A /* DiscoverData.swift */,
			);
			name = Discovery;
			sourceTree = "<group>";
		};
		8886C9C01DA9DCDD008B5A98 /* Camera */ = {
			isa = PBXGroup;
			children = (
				88497A9A1D9EB63400546EF5 /* CameraViewController.swift */,
			);
			name = Camera;
			sourceTree = "<group>";
		};
		8886C9C11DA9DDD2008B5A98 /* TemporaryUseless */ = {
			isa = PBXGroup;
			children = (
				88E492251DA31CB500A4A15F /* ImageCollectionCell.swift */,
				88E492291DA3242000A4A15F /* ImageObject.swift */,
				88E492271DA31F4500A4A15F /* SettingImage.swift */,
			);
			name = TemporaryUseless;
			sourceTree = "<group>";
		};
		8886C9C31DA9DEE2008B5A98 /* AddedMe */ = {
			isa = PBXGroup;
			children = (
				88F2C41F1DA2150200E8CACB /* AddedMeTableViewController.swift */,
				886CE8591DA2294600CA59EB /* AddedMeTableViewCell.swift */,
			);
			name = AddedMe;
			sourceTree = "<group>";
		};
		8886C9C41DA9DEF0008B5A98 /* AddFriends */ = {
			isa = PBXGroup;
			children = (
				8886C9C71DA9DFD2008B5A98 /* AddFromAddressBook */,
				8886C9C61DA9DF6C008B5A98 /* AddByUsername */,
				88CC0EE21D9FD0980064ABBA /* AddFriendsViewController.swift */,
				88EBD4571DA3AE9400DCB05D /* AddFriendsTableViewController.swift */,
			);
			name = AddFriends;
			sourceTree = "<group>";
		};
		8886C9C51DA9DEFB008B5A98 /* MyFriends */ = {
			isa = PBXGroup;
			children = (
				88F2C41D1DA214F000E8CACB /* MyFriendsTableViewController.swift */,
				88F2C4271DA218F700E8CACB /* MyFriendsTableViewCell.swift */,
			);
			name = MyFriends;
			sourceTree = "<group>";
		};
		8886C9C61DA9DF6C008B5A98 /* AddByUsername */ = {
			isa = PBXGroup;
			children = (
				88BF23C61DA23F9A00221EF4 /* AddByUsernameTableViewController.swift */,
				88BF23C81DA23FC600221EF4 /* AddByUsernameTableViewCell.swift */,
			);
			name = AddByUsername;
			sourceTree = "<group>";
		};
		8886C9C71DA9DFD2008B5A98 /* AddFromAddressBook */ = {
			isa = PBXGroup;
			children = (
			);
			name = AddFromAddressBook;
			sourceTree = "<group>";
		};
/* End PBXGroup section */

/* Begin PBXNativeTarget section */
		66B82B881D89A015008FBE82 /* Snapchat */ = {
			isa = PBXNativeTarget;
			buildConfigurationList = 66B82B9B1D89A015008FBE82 /* Build configuration list for PBXNativeTarget "Snapchat" */;
			buildPhases = (
				66B82B851D89A015008FBE82 /* Sources */,
				66B82B861D89A015008FBE82 /* Frameworks */,
				66B82B871D89A015008FBE82 /* Resources */,
			);
			buildRules = (
			);
			dependencies = (
			);
			name = Snapchat;
			productName = Snapchat;
			productReference = 66B82B891D89A015008FBE82 /* Snapchat.app */;
			productType = "com.apple.product-type.application";
		};
/* End PBXNativeTarget section */

/* Begin PBXProject section */
		66B82B811D89A015008FBE82 /* Project object */ = {
			isa = PBXProject;
			attributes = {
				LastSwiftUpdateCheck = 0730;
				LastUpgradeCheck = 0730;
				ORGANIZATIONNAME = Can;
				TargetAttributes = {
					66B82B881D89A015008FBE82 = {
						CreatedOnToolsVersion = 7.3.1;
						DevelopmentTeam = 3A974QQH78;
						LastSwiftMigration = 0800;
					};
				};
			};
			buildConfigurationList = 66B82B841D89A015008FBE82 /* Build configuration list for PBXProject "Snapchat" */;
			compatibilityVersion = "Xcode 3.2";
			developmentRegion = English;
			hasScannedForEncodings = 0;
			knownRegions = (
				en,
				Base,
			);
			mainGroup = 66B82B801D89A015008FBE82;
			productRefGroup = 66B82B8A1D89A015008FBE82 /* Products */;
			projectDirPath = "";
			projectRoot = "";
			targets = (
				66B82B881D89A015008FBE82 /* Snapchat */,
			);
		};
/* End PBXProject section */

/* Begin PBXResourcesBuildPhase section */
		66B82B871D89A015008FBE82 /* Resources */ = {
			isa = PBXResourcesBuildPhase;
			buildActionMask = 2147483647;
			files = (
				66B82B971D89A015008FBE82 /* LaunchScreen.storyboard in Resources */,
				88E105971DA0C74200C23DD6 /* GoogleService-Info.plist in Resources */,
				66BFB30D1DA9F28C00F0EA7A /* Assets.xcassets in Resources */,
				66B82B921D89A015008FBE82 /* Main.storyboard in Resources */,
			);
			runOnlyForDeploymentPostprocessing = 0;
		};
/* End PBXResourcesBuildPhase section */

/* Begin PBXSourcesBuildPhase section */
		66B82B851D89A015008FBE82 /* Sources */ = {
			isa = PBXSourcesBuildPhase;
			buildActionMask = 2147483647;
			files = (
				88E492261DA31CB500A4A15F /* ImageCollectionCell.swift in Sources */,
				88E4922A1DA3242000A4A15F /* ImageObject.swift in Sources */,
				66BFB30B1DA9EFD500F0EA7A /* VideoCell.swift in Sources */,
				88F2C41E1DA214F000E8CACB /* MyFriendsTableViewController.swift in Sources */,
				88EBD4561DA3A68B00DCB05D /* ShareProtocol.swift in Sources */,
				88BF23C91DA23FC600221EF4 /* AddByUsernameTableViewCell.swift in Sources */,
				66BFB3031DA9EF8A00F0EA7A /* DiscoverCell.swift in Sources */,
				66BFB3091DA9EFCD00F0EA7A /* SubscruptionsTableViewCell.swift in Sources */,
				88F2C4251DA2166200E8CACB /* UsableData.swift in Sources */,
				66B82B8D1D89A015008FBE82 /* AppDelegate.swift in Sources */,
				88497A8B1D9E5D2400546EF5 /* PersonalViewController.swift in Sources */,
				66BFB3071DA9EFBA00F0EA7A /* StoriesViewController.swift in Sources */,
				88F2C4261DA2166200E8CACB /* User.swift in Sources */,
				66BFB3011DA9EF8200F0EA7A /* CategoryRow.swift in Sources */,
				88E492281DA31F4500A4A15F /* SettingImage.swift in Sources */,
				66BFB2FF1DA9EF6B00F0EA7A /* DiscoverData.swift in Sources */,
				88497A9B1D9EB63400546EF5 /* CameraViewController.swift in Sources */,
				88BF23C71DA23F9A00221EF4 /* AddByUsernameTableViewController.swift in Sources */,
				88F2C4281DA218F700E8CACB /* MyFriendsTableViewCell.swift in Sources */,
				88EBD4581DA3AE9400DCB05D /* AddFriendsTableViewController.swift in Sources */,
				88F2C4201DA2150200E8CACB /* AddedMeTableViewController.swift in Sources */,
				886CE85A1DA2294600CA59EB /* AddedMeTableViewCell.swift in Sources */,
				88CC0EE31D9FD0980064ABBA /* AddFriendsViewController.swift in Sources */,
				88497A871D9E5CF400546EF5 /* ChatViewController.swift in Sources */,
				66BFB3051DA9EF9600F0EA7A /* DiscoveryViewController.swift in Sources */,
				88E408271DA36A6D00ECD643 /* ImageViewController.swift in Sources */,
				88497A891D9E5D0F00546EF5 /* MemoriesViewController.swift in Sources */,
			);
			runOnlyForDeploymentPostprocessing = 0;
		};
/* End PBXSourcesBuildPhase section */

/* Begin PBXVariantGroup section */
		66B82B901D89A015008FBE82 /* Main.storyboard */ = {
			isa = PBXVariantGroup;
			children = (
				66B82B911D89A015008FBE82 /* Base */,
			);
			name = Main.storyboard;
			sourceTree = "<group>";
		};
		66B82B951D89A015008FBE82 /* LaunchScreen.storyboard */ = {
			isa = PBXVariantGroup;
			children = (
				66B82B961D89A015008FBE82 /* Base */,
			);
			name = LaunchScreen.storyboard;
			sourceTree = "<group>";
		};
/* End PBXVariantGroup section */

/* Begin XCBuildConfiguration section */
		66B82B991D89A015008FBE82 /* Debug */ = {
			isa = XCBuildConfiguration;
			buildSettings = {
				ALWAYS_SEARCH_USER_PATHS = NO;
				CLANG_ANALYZER_NONNULL = YES;
				CLANG_CXX_LANGUAGE_STANDARD = "gnu++0x";
				CLANG_CXX_LIBRARY = "libc++";
				CLANG_ENABLE_MODULES = YES;
				CLANG_ENABLE_OBJC_ARC = YES;
				CLANG_WARN_BOOL_CONVERSION = YES;
				CLANG_WARN_CONSTANT_CONVERSION = YES;
				CLANG_WARN_DIRECT_OBJC_ISA_USAGE = YES_ERROR;
				CLANG_WARN_EMPTY_BODY = YES;
				CLANG_WARN_ENUM_CONVERSION = YES;
				CLANG_WARN_INT_CONVERSION = YES;
				CLANG_WARN_OBJC_ROOT_CLASS = YES_ERROR;
				CLANG_WARN_UNREACHABLE_CODE = YES;
				CLANG_WARN__DUPLICATE_METHOD_MATCH = YES;
				"CODE_SIGN_IDENTITY[sdk=iphoneos*]" = "iPhone Developer";
				COPY_PHASE_STRIP = NO;
				DEBUG_INFORMATION_FORMAT = dwarf;
				DEVELOPMENT_TEAM = PUB3KR929G;
				ENABLE_STRICT_OBJC_MSGSEND = YES;
				ENABLE_TESTABILITY = YES;
				GCC_C_LANGUAGE_STANDARD = gnu99;
				GCC_DYNAMIC_NO_PIC = NO;
				GCC_NO_COMMON_BLOCKS = YES;
				GCC_OPTIMIZATION_LEVEL = 0;
				GCC_PREPROCESSOR_DEFINITIONS = (
					"DEBUG=1",
					"$(inherited)",
				);
				GCC_WARN_64_TO_32_BIT_CONVERSION = YES;
				GCC_WARN_ABOUT_RETURN_TYPE = YES_ERROR;
				GCC_WARN_UNDECLARED_SELECTOR = YES;
				GCC_WARN_UNINITIALIZED_AUTOS = YES_AGGRESSIVE;
				GCC_WARN_UNUSED_FUNCTION = YES;
				GCC_WARN_UNUSED_VARIABLE = YES;
				IPHONEOS_DEPLOYMENT_TARGET = 9.3;
				MTL_ENABLE_DEBUG_INFO = YES;
				ONLY_ACTIVE_ARCH = YES;
				SDKROOT = iphoneos;
				SWIFT_OPTIMIZATION_LEVEL = "-Onone";
				TARGETED_DEVICE_FAMILY = "1,2";
			};
			name = Debug;
		};
		66B82B9A1D89A015008FBE82 /* Release */ = {
			isa = XCBuildConfiguration;
			buildSettings = {
				ALWAYS_SEARCH_USER_PATHS = NO;
				CLANG_ANALYZER_NONNULL = YES;
				CLANG_CXX_LANGUAGE_STANDARD = "gnu++0x";
				CLANG_CXX_LIBRARY = "libc++";
				CLANG_ENABLE_MODULES = YES;
				CLANG_ENABLE_OBJC_ARC = YES;
				CLANG_WARN_BOOL_CONVERSION = YES;
				CLANG_WARN_CONSTANT_CONVERSION = YES;
				CLANG_WARN_DIRECT_OBJC_ISA_USAGE = YES_ERROR;
				CLANG_WARN_EMPTY_BODY = YES;
				CLANG_WARN_ENUM_CONVERSION = YES;
				CLANG_WARN_INT_CONVERSION = YES;
				CLANG_WARN_OBJC_ROOT_CLASS = YES_ERROR;
				CLANG_WARN_UNREACHABLE_CODE = YES;
				CLANG_WARN__DUPLICATE_METHOD_MATCH = YES;
				"CODE_SIGN_IDENTITY[sdk=iphoneos*]" = "iPhone Developer";
				COPY_PHASE_STRIP = NO;
				DEBUG_INFORMATION_FORMAT = "dwarf-with-dsym";
				DEVELOPMENT_TEAM = PUB3KR929G;
				ENABLE_NS_ASSERTIONS = NO;
				ENABLE_STRICT_OBJC_MSGSEND = YES;
				GCC_C_LANGUAGE_STANDARD = gnu99;
				GCC_NO_COMMON_BLOCKS = YES;
				GCC_WARN_64_TO_32_BIT_CONVERSION = YES;
				GCC_WARN_ABOUT_RETURN_TYPE = YES_ERROR;
				GCC_WARN_UNDECLARED_SELECTOR = YES;
				GCC_WARN_UNINITIALIZED_AUTOS = YES_AGGRESSIVE;
				GCC_WARN_UNUSED_FUNCTION = YES;
				GCC_WARN_UNUSED_VARIABLE = YES;
				IPHONEOS_DEPLOYMENT_TARGET = 9.3;
				MTL_ENABLE_DEBUG_INFO = NO;
				SDKROOT = iphoneos;
				TARGETED_DEVICE_FAMILY = "1,2";
				VALIDATE_PRODUCT = YES;
			};
			name = Release;
		};
		66B82B9C1D89A015008FBE82 /* Debug */ = {
			isa = XCBuildConfiguration;
			buildSettings = {
				ASSETCATALOG_COMPILER_APPICON_NAME = AppIcon;
				CODE_SIGN_IDENTITY = "iPhone Developer";
				DEVELOPMENT_TEAM = 3A974QQH78;
				INFOPLIST_FILE = Snapchat/Info.plist;
				LD_RUNPATH_SEARCH_PATHS = "$(inherited) @executable_path/Frameworks";
				PRODUCT_BUNDLE_IDENTIFIER = Can.Snapchat1;
				PRODUCT_NAME = "$(TARGET_NAME)";
				SWIFT_VERSION = 2.3;
			};
			name = Debug;
		};
		66B82B9D1D89A015008FBE82 /* Release */ = {
			isa = XCBuildConfiguration;
			buildSettings = {
				ASSETCATALOG_COMPILER_APPICON_NAME = AppIcon;
				CODE_SIGN_IDENTITY = "iPhone Developer";
				DEVELOPMENT_TEAM = 3A974QQH78;
				INFOPLIST_FILE = Snapchat/Info.plist;
				LD_RUNPATH_SEARCH_PATHS = "$(inherited) @executable_path/Frameworks";
				PRODUCT_BUNDLE_IDENTIFIER = Can.Snapchat1;
				PRODUCT_NAME = "$(TARGET_NAME)";
				SWIFT_VERSION = 2.3;
			};
			name = Release;
		};
/* End XCBuildConfiguration section */

/* Begin XCConfigurationList section */
		66B82B841D89A015008FBE82 /* Build configuration list for PBXProject "Snapchat" */ = {
			isa = XCConfigurationList;
			buildConfigurations = (
				66B82B991D89A015008FBE82 /* Debug */,
				66B82B9A1D89A015008FBE82 /* Release */,
			);
			defaultConfigurationIsVisible = 0;
			defaultConfigurationName = Release;
		};
		66B82B9B1D89A015008FBE82 /* Build configuration list for PBXNativeTarget "Snapchat" */ = {
			isa = XCConfigurationList;
			buildConfigurations = (
				66B82B9C1D89A015008FBE82 /* Debug */,
				66B82B9D1D89A015008FBE82 /* Release */,
			);
			defaultConfigurationIsVisible = 0;
			defaultConfigurationName = Release;
		};
/* End XCConfigurationList section */
	};
	rootObject = 66B82B811D89A015008FBE82 /* Project object */;
}
